// !$*UTF8*$!
{
	archiveVersion = 1;
	classes = {
	};
	objectVersion = 50;
	objects = {

/* Begin PBXBuildFile section */
		2D63C96126CBD45E00EC69E1 /* AppDelegate.swift in Sources */ = {isa = PBXBuildFile; fileRef = 2D63C96026CBD45E00EC69E1 /* AppDelegate.swift */; };
		2D63C96326CBD45E00EC69E1 /* SceneDelegate.swift in Sources */ = {isa = PBXBuildFile; fileRef = 2D63C96226CBD45E00EC69E1 /* SceneDelegate.swift */; };
		2D63C96526CBD45E00EC69E1 /* ViewController.swift in Sources */ = {isa = PBXBuildFile; fileRef = 2D63C96426CBD45E00EC69E1 /* ViewController.swift */; };
		2D63C96826CBD45E00EC69E1 /* Main.storyboard in Resources */ = {isa = PBXBuildFile; fileRef = 2D63C96626CBD45E00EC69E1 /* Main.storyboard */; };
		2D63C96A26CBD45F00EC69E1 /* Assets.xcassets in Resources */ = {isa = PBXBuildFile; fileRef = 2D63C96926CBD45F00EC69E1 /* Assets.xcassets */; };
		2D63C96D26CBD45F00EC69E1 /* LaunchScreen.storyboard in Resources */ = {isa = PBXBuildFile; fileRef = 2D63C96B26CBD45F00EC69E1 /* LaunchScreen.storyboard */; };
		2D63C98326CBD45F00EC69E1 /* TextFieldUITests.swift in Sources */ = {isa = PBXBuildFile; fileRef = 2D63C98226CBD45F00EC69E1 /* TextFieldUITests.swift */; };
		2D63C99126CBDB8000EC69E1 /* ViewControllerTests.swift in Sources */ = {isa = PBXBuildFile; fileRef = 2D63C99026CBDB8000EC69E1 /* ViewControllerTests.swift */; };
		2DBE10AA26CCBA720036CB25 /* TestHelpers.swift in Sources */ = {isa = PBXBuildFile; fileRef = 2DBE10A926CCBA720036CB25 /* TestHelpers.swift */; };
/* End PBXBuildFile section */

/* Begin PBXContainerItemProxy section */
		2D63C97426CBD45F00EC69E1 /* PBXContainerItemProxy */ = {
			isa = PBXContainerItemProxy;
			containerPortal = 2D63C95526CBD45D00EC69E1 /* Project object */;
			proxyType = 1;
			remoteGlobalIDString = 2D63C95C26CBD45D00EC69E1;
			remoteInfo = TextField;
		};
		2D63C97F26CBD45F00EC69E1 /* PBXContainerItemProxy */ = {
			isa = PBXContainerItemProxy;
			containerPortal = 2D63C95526CBD45D00EC69E1 /* Project object */;
			proxyType = 1;
			remoteGlobalIDString = 2D63C95C26CBD45D00EC69E1;
			remoteInfo = TextField;
		};
/* End PBXContainerItemProxy section */

/* Begin PBXFileReference section */
		2D63C95D26CBD45E00EC69E1 /* TextField.app */ = {isa = PBXFileReference; explicitFileType = wrapper.application; includeInIndex = 0; path = TextField.app; sourceTree = BUILT_PRODUCTS_DIR; };
		2D63C96026CBD45E00EC69E1 /* AppDelegate.swift */ = {isa = PBXFileReference; lastKnownFileType = sourcecode.swift; path = AppDelegate.swift; sourceTree = "<group>"; };
		2D63C96226CBD45E00EC69E1 /* SceneDelegate.swift */ = {isa = PBXFileReference; lastKnownFileType = sourcecode.swift; path = SceneDelegate.swift; sourceTree = "<group>"; };
		2D63C96426CBD45E00EC69E1 /* ViewController.swift */ = {isa = PBXFileReference; lastKnownFileType = sourcecode.swift; path = ViewController.swift; sourceTree = "<group>"; };
		2D63C96726CBD45E00EC69E1 /* Base */ = {isa = PBXFileReference; lastKnownFileType = file.storyboard; name = Base; path = Base.lproj/Main.storyboard; sourceTree = "<group>"; };
		2D63C96926CBD45F00EC69E1 /* Assets.xcassets */ = {isa = PBXFileReference; lastKnownFileType = folder.assetcatalog; path = Assets.xcassets; sourceTree = "<group>"; };
		2D63C96C26CBD45F00EC69E1 /* Base */ = {isa = PBXFileReference; lastKnownFileType = file.storyboard; name = Base; path = Base.lproj/LaunchScreen.storyboard; sourceTree = "<group>"; };
		2D63C96E26CBD45F00EC69E1 /* Info.plist */ = {isa = PBXFileReference; lastKnownFileType = text.plist.xml; path = Info.plist; sourceTree = "<group>"; };
		2D63C97326CBD45F00EC69E1 /* TextFieldTests.xctest */ = {isa = PBXFileReference; explicitFileType = wrapper.cfbundle; includeInIndex = 0; path = TextFieldTests.xctest; sourceTree = BUILT_PRODUCTS_DIR; };
		2D63C97926CBD45F00EC69E1 /* Info.plist */ = {isa = PBXFileReference; lastKnownFileType = text.plist.xml; path = Info.plist; sourceTree = "<group>"; };
		2D63C97E26CBD45F00EC69E1 /* TextFieldUITests.xctest */ = {isa = PBXFileReference; explicitFileType = wrapper.cfbundle; includeInIndex = 0; path = TextFieldUITests.xctest; sourceTree = BUILT_PRODUCTS_DIR; };
		2D63C98226CBD45F00EC69E1 /* TextFieldUITests.swift */ = {isa = PBXFileReference; lastKnownFileType = sourcecode.swift; path = TextFieldUITests.swift; sourceTree = "<group>"; };
		2D63C98426CBD45F00EC69E1 /* Info.plist */ = {isa = PBXFileReference; lastKnownFileType = text.plist.xml; path = Info.plist; sourceTree = "<group>"; };
		2D63C99026CBDB8000EC69E1 /* ViewControllerTests.swift */ = {isa = PBXFileReference; lastKnownFileType = sourcecode.swift; path = ViewControllerTests.swift; sourceTree = "<group>"; };
		2DBE10A926CCBA720036CB25 /* TestHelpers.swift */ = {isa = PBXFileReference; lastKnownFileType = sourcecode.swift; path = TestHelpers.swift; sourceTree = "<group>"; };
/* End PBXFileReference section */

/* Begin PBXFrameworksBuildPhase section */
		2D63C95A26CBD45D00EC69E1 /* Frameworks */ = {
			isa = PBXFrameworksBuildPhase;
			buildActionMask = 2147483647;
			files = (
			);
			runOnlyForDeploymentPostprocessing = 0;
		};
		2D63C97026CBD45F00EC69E1 /* Frameworks */ = {
			isa = PBXFrameworksBuildPhase;
			buildActionMask = 2147483647;
			files = (
			);
			runOnlyForDeploymentPostprocessing = 0;
		};
		2D63C97B26CBD45F00EC69E1 /* Frameworks */ = {
			isa = PBXFrameworksBuildPhase;
			buildActionMask = 2147483647;
			files = (
			);
			runOnlyForDeploymentPostprocessing = 0;
		};
/* End PBXFrameworksBuildPhase section */

/* Begin PBXGroup section */
		2D63C95426CBD45D00EC69E1 = {
			isa = PBXGroup;
			children = (
				2D63C95F26CBD45E00EC69E1 /* TextField */,
				2D63C97626CBD45F00EC69E1 /* TextFieldTests */,
				2D63C98126CBD45F00EC69E1 /* TextFieldUITests */,
				2D63C95E26CBD45E00EC69E1 /* Products */,
			);
			sourceTree = "<group>";
		};
		2D63C95E26CBD45E00EC69E1 /* Products */ = {
			isa = PBXGroup;
			children = (
				2D63C95D26CBD45E00EC69E1 /* TextField.app */,
				2D63C97326CBD45F00EC69E1 /* TextFieldTests.xctest */,
				2D63C97E26CBD45F00EC69E1 /* TextFieldUITests.xctest */,
			);
			name = Products;
			sourceTree = "<group>";
		};
		2D63C95F26CBD45E00EC69E1 /* TextField */ = {
			isa = PBXGroup;
			children = (
				2D63C96026CBD45E00EC69E1 /* AppDelegate.swift */,
				2D63C96226CBD45E00EC69E1 /* SceneDelegate.swift */,
				2D63C96426CBD45E00EC69E1 /* ViewController.swift */,
				2D63C96626CBD45E00EC69E1 /* Main.storyboard */,
				2D63C96926CBD45F00EC69E1 /* Assets.xcassets */,
				2D63C96B26CBD45F00EC69E1 /* LaunchScreen.storyboard */,
				2D63C96E26CBD45F00EC69E1 /* Info.plist */,
			);
			path = TextField;
			sourceTree = "<group>";
		};
		2D63C97626CBD45F00EC69E1 /* TextFieldTests */ = {
			isa = PBXGroup;
			children = (
				2D63C97926CBD45F00EC69E1 /* Info.plist */,
				2D63C99026CBDB8000EC69E1 /* ViewControllerTests.swift */,
				2DBE10A926CCBA720036CB25 /* TestHelpers.swift */,
			);
			path = TextFieldTests;
			sourceTree = "<group>";
		};
		2D63C98126CBD45F00EC69E1 /* TextFieldUITests */ = {
			isa = PBXGroup;
			children = (
				2D63C98226CBD45F00EC69E1 /* TextFieldUITests.swift */,
				2D63C98426CBD45F00EC69E1 /* Info.plist */,
			);
			path = TextFieldUITests;
			sourceTree = "<group>";
		};
/* End PBXGroup section */

/* Begin PBXNativeTarget section */
		2D63C95C26CBD45D00EC69E1 /* TextField */ = {
			isa = PBXNativeTarget;
			buildConfigurationList = 2D63C98726CBD45F00EC69E1 /* Build configuration list for PBXNativeTarget "TextField" */;
			buildPhases = (
				2D63C95926CBD45D00EC69E1 /* Sources */,
				2D63C95A26CBD45D00EC69E1 /* Frameworks */,
				2D63C95B26CBD45D00EC69E1 /* Resources */,
			);
			buildRules = (
			);
			dependencies = (
			);
			name = TextField;
			productName = TextField;
			productReference = 2D63C95D26CBD45E00EC69E1 /* TextField.app */;
			productType = "com.apple.product-type.application";
		};
		2D63C97226CBD45F00EC69E1 /* TextFieldTests */ = {
			isa = PBXNativeTarget;
			buildConfigurationList = 2D63C98A26CBD45F00EC69E1 /* Build configuration list for PBXNativeTarget "TextFieldTests" */;
			buildPhases = (
				2D63C96F26CBD45F00EC69E1 /* Sources */,
				2D63C97026CBD45F00EC69E1 /* Frameworks */,
				2D63C97126CBD45F00EC69E1 /* Resources */,
			);
			buildRules = (
			);
			dependencies = (
				2D63C97526CBD45F00EC69E1 /* PBXTargetDependency */,
			);
			name = TextFieldTests;
			productName = TextFieldTests;
			productReference = 2D63C97326CBD45F00EC69E1 /* TextFieldTests.xctest */;
			productType = "com.apple.product-type.bundle.unit-test";
		};
		2D63C97D26CBD45F00EC69E1 /* TextFieldUITests */ = {
			isa = PBXNativeTarget;
			buildConfigurationList = 2D63C98D26CBD45F00EC69E1 /* Build configuration list for PBXNativeTarget "TextFieldUITests" */;
			buildPhases = (
				2D63C97A26CBD45F00EC69E1 /* Sources */,
				2D63C97B26CBD45F00EC69E1 /* Frameworks */,
				2D63C97C26CBD45F00EC69E1 /* Resources */,
			);
			buildRules = (
			);
			dependencies = (
				2D63C98026CBD45F00EC69E1 /* PBXTargetDependency */,
			);
			name = TextFieldUITests;
			productName = TextFieldUITests;
			productReference = 2D63C97E26CBD45F00EC69E1 /* TextFieldUITests.xctest */;
			productType = "com.apple.product-type.bundle.ui-testing";
		};
/* End PBXNativeTarget section */

/* Begin PBXProject section */
		2D63C95526CBD45D00EC69E1 /* Project object */ = {
			isa = PBXProject;
			attributes = {
				LastSwiftUpdateCheck = 1250;
				LastUpgradeCheck = 1250;
				TargetAttributes = {
					2D63C95C26CBD45D00EC69E1 = {
						CreatedOnToolsVersion = 12.5.1;
					};
					2D63C97226CBD45F00EC69E1 = {
						CreatedOnToolsVersion = 12.5.1;
						LastSwiftMigration = 1250;
						TestTargetID = 2D63C95C26CBD45D00EC69E1;
					};
					2D63C97D26CBD45F00EC69E1 = {
						CreatedOnToolsVersion = 12.5.1;
						TestTargetID = 2D63C95C26CBD45D00EC69E1;
					};
				};
			};
			buildConfigurationList = 2D63C95826CBD45D00EC69E1 /* Build configuration list for PBXProject "TextField" */;
			compatibilityVersion = "Xcode 9.3";
			developmentRegion = en;
			hasScannedForEncodings = 0;
			knownRegions = (
				en,
				Base,
			);
			mainGroup = 2D63C95426CBD45D00EC69E1;
			productRefGroup = 2D63C95E26CBD45E00EC69E1 /* Products */;
			projectDirPath = "";
			projectRoot = "";
			targets = (
				2D63C95C26CBD45D00EC69E1 /* TextField */,
				2D63C97226CBD45F00EC69E1 /* TextFieldTests */,
				2D63C97D26CBD45F00EC69E1 /* TextFieldUITests */,
			);
		};
/* End PBXProject section */

/* Begin PBXResourcesBuildPhase section */
		2D63C95B26CBD45D00EC69E1 /* Resources */ = {
			isa = PBXResourcesBuildPhase;
			buildActionMask = 2147483647;
			files = (
				2D63C96D26CBD45F00EC69E1 /* LaunchScreen.storyboard in Resources */,
				2D63C96A26CBD45F00EC69E1 /* Assets.xcassets in Resources */,
				2D63C96826CBD45E00EC69E1 /* Main.storyboard in Resources */,
			);
			runOnlyForDeploymentPostprocessing = 0;
		};
		2D63C97126CBD45F00EC69E1 /* Resources */ = {
			isa = PBXResourcesBuildPhase;
			buildActionMask = 2147483647;
			files = (
			);
			runOnlyForDeploymentPostprocessing = 0;
		};
		2D63C97C26CBD45F00EC69E1 /* Resources */ = {
			isa = PBXResourcesBuildPhase;
			buildActionMask = 2147483647;
			files = (
			);
			runOnlyForDeploymentPostprocessing = 0;
		};
/* End PBXResourcesBuildPhase section */

/* Begin PBXSourcesBuildPhase section */
		2D63C95926CBD45D00EC69E1 /* Sources */ = {
			isa = PBXSourcesBuildPhase;
			buildActionMask = 2147483647;
			files = (
				2D63C96526CBD45E00EC69E1 /* ViewController.swift in Sources */,
				2D63C96126CBD45E00EC69E1 /* AppDelegate.swift in Sources */,
				2D63C96326CBD45E00EC69E1 /* SceneDelegate.swift in Sources */,
			);
			runOnlyForDeploymentPostprocessing = 0;
		};
		2D63C96F26CBD45F00EC69E1 /* Sources */ = {
			isa = PBXSourcesBuildPhase;
			buildActionMask = 2147483647;
			files = (
				2D63C99126CBDB8000EC69E1 /* ViewControllerTests.swift in Sources */,
				2DBE10AA26CCBA720036CB25 /* TestHelpers.swift in Sources */,
			);
			runOnlyForDeploymentPostprocessing = 0;
		};
		2D63C97A26CBD45F00EC69E1 /* Sources */ = {
			isa = PBXSourcesBuildPhase;
			buildActionMask = 2147483647;
			files = (
				2D63C98326CBD45F00EC69E1 /* TextFieldUITests.swift in Sources */,
			);
			runOnlyForDeploymentPostprocessing = 0;
		};
/* End PBXSourcesBuildPhase section */

/* Begin PBXTargetDependency section */
		2D63C97526CBD45F00EC69E1 /* PBXTargetDependency */ = {
			isa = PBXTargetDependency;
			target = 2D63C95C26CBD45D00EC69E1 /* TextField */;
			targetProxy = 2D63C97426CBD45F00EC69E1 /* PBXContainerItemProxy */;
		};
		2D63C98026CBD45F00EC69E1 /* PBXTargetDependency */ = {
			isa = PBXTargetDependency;
			target = 2D63C95C26CBD45D00EC69E1 /* TextField */;
			targetProxy = 2D63C97F26CBD45F00EC69E1 /* PBXContainerItemProxy */;
		};
/* End PBXTargetDependency section */

/* Begin PBXVariantGroup section */
		2D63C96626CBD45E00EC69E1 /* Main.storyboard */ = {
			isa = PBXVariantGroup;
			children = (
				2D63C96726CBD45E00EC69E1 /* Base */,
			);
			name = Main.storyboard;
			sourceTree = "<group>";
		};
		2D63C96B26CBD45F00EC69E1 /* LaunchScreen.storyboard */ = {
			isa = PBXVariantGroup;
			children = (
				2D63C96C26CBD45F00EC69E1 /* Base */,
			);
			name = LaunchScreen.storyboard;
			sourceTree = "<group>";
		};
/* End PBXVariantGroup section */

/* Begin XCBuildConfiguration section */
		2D63C98526CBD45F00EC69E1 /* Debug */ = {
			isa = XCBuildConfiguration;
			buildSettings = {
				ALWAYS_SEARCH_USER_PATHS = NO;
				CLANG_ANALYZER_NONNULL = YES;
				CLANG_ANALYZER_NUMBER_OBJECT_CONVERSION = YES_AGGRESSIVE;
				CLANG_CXX_LANGUAGE_STANDARD = "gnu++14";
				CLANG_CXX_LIBRARY = "libc++";
				CLANG_ENABLE_MODULES = YES;
				CLANG_ENABLE_OBJC_ARC = YES;
				CLANG_ENABLE_OBJC_WEAK = YES;
				CLANG_WARN_BLOCK_CAPTURE_AUTORELEASING = YES;
				CLANG_WARN_BOOL_CONVERSION = YES;
				CLANG_WARN_COMMA = YES;
				CLANG_WARN_CONSTANT_CONVERSION = YES;
				CLANG_WARN_DEPRECATED_OBJC_IMPLEMENTATIONS = YES;
				CLANG_WARN_DIRECT_OBJC_ISA_USAGE = YES_ERROR;
				CLANG_WARN_DOCUMENTATION_COMMENTS = YES;
				CLANG_WARN_EMPTY_BODY = YES;
				CLANG_WARN_ENUM_CONVERSION = YES;
				CLANG_WARN_INFINITE_RECURSION = YES;
				CLANG_WARN_INT_CONVERSION = YES;
				CLANG_WARN_NON_LITERAL_NULL_CONVERSION = YES;
				CLANG_WARN_OBJC_IMPLICIT_RETAIN_SELF = YES;
				CLANG_WARN_OBJC_LITERAL_CONVERSION = YES;
				CLANG_WARN_OBJC_ROOT_CLASS = YES_ERROR;
				CLANG_WARN_QUOTED_INCLUDE_IN_FRAMEWORK_HEADER = YES;
				CLANG_WARN_RANGE_LOOP_ANALYSIS = YES;
				CLANG_WARN_STRICT_PROTOTYPES = YES;
				CLANG_WARN_SUSPICIOUS_MOVE = YES;
				CLANG_WARN_UNGUARDED_AVAILABILITY = YES_AGGRESSIVE;
				CLANG_WARN_UNREACHABLE_CODE = YES;
				CLANG_WARN__DUPLICATE_METHOD_MATCH = YES;
				COPY_PHASE_STRIP = NO;
				DEBUG_INFORMATION_FORMAT = dwarf;
				ENABLE_STRICT_OBJC_MSGSEND = YES;
				ENABLE_TESTABILITY = YES;
				GCC_C_LANGUAGE_STANDARD = gnu11;
				GCC_DYNAMIC_NO_PIC = NO;
				GCC_NO_COMMON_BLOCKS = YES;
				GCC_OPTIMIZATION_LEVEL = 0;
				GCC_PREPROCESSOR_DEFINITIONS = (
					"DEBUG=1",
					"$(inherited)",
				);
				GCC_WARN_64_TO_32_BIT_CONVERSION = YES;
				GCC_WARN_ABOUT_RETURN_TYPE = YES_ERROR;
				GCC_WARN_UNDECLARED_SELECTOR = YES;
				GCC_WARN_UNINITIALIZED_AUTOS = YES_AGGRESSIVE;
				GCC_WARN_UNUSED_FUNCTION = YES;
				GCC_WARN_UNUSED_VARIABLE = YES;
				IPHONEOS_DEPLOYMENT_TARGET = 14.5;
				MTL_ENABLE_DEBUG_INFO = INCLUDE_SOURCE;
				MTL_FAST_MATH = YES;
				ONLY_ACTIVE_ARCH = YES;
				SDKROOT = iphoneos;
				SWIFT_ACTIVE_COMPILATION_CONDITIONS = DEBUG;
				SWIFT_OPTIMIZATION_LEVEL = "-Onone";
			};
			name = Debug;
		};
		2D63C98626CBD45F00EC69E1 /* Release */ = {
			isa = XCBuildConfiguration;
			buildSettings = {
				ALWAYS_SEARCH_USER_PATHS = NO;
				CLANG_ANALYZER_NONNULL = YES;
				CLANG_ANALYZER_NUMBER_OBJECT_CONVERSION = YES_AGGRESSIVE;
				CLANG_CXX_LANGUAGE_STANDARD = "gnu++14";
				CLANG_CXX_LIBRARY = "libc++";
				CLANG_ENABLE_MODULES = YES;
				CLANG_ENABLE_OBJC_ARC = YES;
				CLANG_ENABLE_OBJC_WEAK = YES;
				CLANG_WARN_BLOCK_CAPTURE_AUTORELEASING = YES;
				CLANG_WARN_BOOL_CONVERSION = YES;
				CLANG_WARN_COMMA = YES;
				CLANG_WARN_CONSTANT_CONVERSION = YES;
				CLANG_WARN_DEPRECATED_OBJC_IMPLEMENTATIONS = YES;
				CLANG_WARN_DIRECT_OBJC_ISA_USAGE = YES_ERROR;
				CLANG_WARN_DOCUMENTATION_COMMENTS = YES;
				CLANG_WARN_EMPTY_BODY = YES;
				CLANG_WARN_ENUM_CONVERSION = YES;
				CLANG_WARN_INFINITE_RECURSION = YES;
				CLANG_WARN_INT_CONVERSION = YES;
				CLANG_WARN_NON_LITERAL_NULL_CONVERSION = YES;
				CLANG_WARN_OBJC_IMPLICIT_RETAIN_SELF = YES;
				CLANG_WARN_OBJC_LITERAL_CONVERSION = YES;
				CLANG_WARN_OBJC_ROOT_CLASS = YES_ERROR;
				CLANG_WARN_QUOTED_INCLUDE_IN_FRAMEWORK_HEADER = YES;
				CLANG_WARN_RANGE_LOOP_ANALYSIS = YES;
				CLANG_WARN_STRICT_PROTOTYPES = YES;
				CLANG_WARN_SUSPICIOUS_MOVE = YES;
				CLANG_WARN_UNGUARDED_AVAILABILITY = YES_AGGRESSIVE;
				CLANG_WARN_UNREACHABLE_CODE = YES;
				CLANG_WARN__DUPLICATE_METHOD_MATCH = YES;
				COPY_PHASE_STRIP = NO;
				DEBUG_INFORMATION_FORMAT = "dwarf-with-dsym";
				ENABLE_NS_ASSERTIONS = NO;
				ENABLE_STRICT_OBJC_MSGSEND = YES;
				GCC_C_LANGUAGE_STANDARD = gnu11;
				GCC_NO_COMMON_BLOCKS = YES;
				GCC_WARN_64_TO_32_BIT_CONVERSION = YES;
				GCC_WARN_ABOUT_RETURN_TYPE = YES_ERROR;
				GCC_WARN_UNDECLARED_SELECTOR = YES;
				GCC_WARN_UNINITIALIZED_AUTOS = YES_AGGRESSIVE;
				GCC_WARN_UNUSED_FUNCTION = YES;
				GCC_WARN_UNUSED_VARIABLE = YES;
				IPHONEOS_DEPLOYMENT_TARGET = 14.5;
				MTL_ENABLE_DEBUG_INFO = NO;
				MTL_FAST_MATH = YES;
				SDKROOT = iphoneos;
				SWIFT_COMPILATION_MODE = wholemodule;
				SWIFT_OPTIMIZATION_LEVEL = "-O";
				VALIDATE_PRODUCT = YES;
			};
			name = Release;
		};
		2D63C98826CBD45F00EC69E1 /* Debug */ = {
			isa = XCBuildConfiguration;
			buildSettings = {
				ASSETCATALOG_COMPILER_APPICON_NAME = AppIcon;
				ASSETCATALOG_COMPILER_GLOBAL_ACCENT_COLOR_NAME = AccentColor;
				CODE_SIGN_STYLE = Automatic;
				INFOPLIST_FILE = TextField/Info.plist;
				LD_RUNPATH_SEARCH_PATHS = (
					"$(inherited)",
					"@executable_path/Frameworks",
				);
				PRODUCT_BUNDLE_IDENTIFIER = br.com.test.TextField;
				PRODUCT_NAME = "$(TARGET_NAME)";
				SWIFT_VERSION = 5.0;
				TARGETED_DEVICE_FAMILY = "1,2";
			};
			name = Debug;
		};
		2D63C98926CBD45F00EC69E1 /* Release */ = {
			isa = XCBuildConfiguration;
			buildSettings = {
				ASSETCATALOG_COMPILER_APPICON_NAME = AppIcon;
				ASSETCATALOG_COMPILER_GLOBAL_ACCENT_COLOR_NAME = AccentColor;
				CODE_SIGN_STYLE = Automatic;
				INFOPLIST_FILE = TextField/Info.plist;
				LD_RUNPATH_SEARCH_PATHS = (
					"$(inherited)",
					"@executable_path/Frameworks",
				);
				PRODUCT_BUNDLE_IDENTIFIER = br.com.test.TextField;
				PRODUCT_NAME = "$(TARGET_NAME)";
				SWIFT_VERSION = 5.0;
				TARGETED_DEVICE_FAMILY = "1,2";
			};
			name = Release;
		};
		2D63C98B26CBD45F00EC69E1 /* Debug */ = {
			isa = XCBuildConfiguration;
			buildSettings = {
				ALWAYS_EMBED_SWIFT_STANDARD_LIBRARIES = YES;
				BUNDLE_LOADER = "$(TEST_HOST)";
				CLANG_ENABLE_MODULES = YES;
				CODE_SIGN_STYLE = Automatic;
				INFOPLIST_FILE = TextFieldTests/Info.plist;
				IPHONEOS_DEPLOYMENT_TARGET = 14.5;
				LD_RUNPATH_SEARCH_PATHS = (
					"$(inherited)",
					"@executable_path/Frameworks",
					"@loader_path/Frameworks",
				);
				PRODUCT_BUNDLE_IDENTIFIER = br.com.test.TextFieldTests;
				PRODUCT_NAME = "$(TARGET_NAME)";
				SWIFT_OPTIMIZATION_LEVEL = "-Onone";
				SWIFT_VERSION = 5.0;
				TARGETED_DEVICE_FAMILY = "1,2";
				TEST_HOST = "$(BUILT_PRODUCTS_DIR)/TextField.app/TextField";
			};
			name = Debug;
		};
		2D63C98C26CBD45F00EC69E1 /* Release */ = {
			isa = XCBuildConfiguration;
			buildSettings = {
				ALWAYS_EMBED_SWIFT_STANDARD_LIBRARIES = YES;
				BUNDLE_LOADER = "$(TEST_HOST)";
				CLANG_ENABLE_MODULES = YES;
				CODE_SIGN_STYLE = Automatic;
				INFOPLIST_FILE = TextFieldTests/Info.plist;
				IPHONEOS_DEPLOYMENT_TARGET = 14.5;
				LD_RUNPATH_SEARCH_PATHS = (
					"$(inherited)",
					"@executable_path/Frameworks",
					"@loader_path/Frameworks",
				);
				PRODUCT_BUNDLE_IDENTIFIER = br.com.test.TextFieldTests;
				PRODUCT_NAME = "$(TARGET_NAME)";
				SWIFT_VERSION = 5.0;
				TARGETED_DEVICE_FAMILY = "1,2";
				TEST_HOST = "$(BUILT_PRODUCTS_DIR)/TextField.app/TextField";
			};
			name = Release;
		};
		2D63C98E26CBD45F00EC69E1 /* Debug */ = {
			isa = XCBuildConfiguration;
			buildSettings = {
				ALWAYS_EMBED_SWIFT_STANDARD_LIBRARIES = YES;
				CODE_SIGN_STYLE = Automatic;
				INFOPLIST_FILE = TextFieldUITests/Info.plist;
				LD_RUNPATH_SEARCH_PATHS = (
					"$(inherited)",
					"@executable_path/Frameworks",
					"@loader_path/Frameworks",
				);
				PRODUCT_BUNDLE_IDENTIFIER = br.com.test.TextFieldUITests;
				PRODUCT_NAME = "$(TARGET_NAME)";
				SWIFT_VERSION = 5.0;
				TARGETED_DEVICE_FAMILY = "1,2";
				TEST_TARGET_NAME = TextField;
			};
			name = Debug;
		};
		2D63C98F26CBD45F00EC69E1 /* Release */ = {
			isa = XCBuildConfiguration;
			buildSettings = {
				ALWAYS_EMBED_SWIFT_STANDARD_LIBRARIES = YES;
				CODE_SIGN_STYLE = Automatic;
				INFOPLIST_FILE = TextFieldUITests/Info.plist;
				LD_RUNPATH_SEARCH_PATHS = (
					"$(inherited)",
					"@executable_path/Frameworks",
					"@loader_path/Frameworks",
				);
				PRODUCT_BUNDLE_IDENTIFIER = br.com.test.TextFieldUITests;
				PRODUCT_NAME = "$(TARGET_NAME)";
				SWIFT_VERSION = 5.0;
				TARGETED_DEVICE_FAMILY = "1,2";
				TEST_TARGET_NAME = TextField;
			};
			name = Release;
		};
/* End XCBuildConfiguration section */

/* Begin XCConfigurationList section */
		2D63C95826CBD45D00EC69E1 /* Build configuration list for PBXProject "TextField" */ = {
			isa = XCConfigurationList;
			buildConfigurations = (
				2D63C98526CBD45F00EC69E1 /* Debug */,
				2D63C98626CBD45F00EC69E1 /* Release */,
			);
			defaultConfigurationIsVisible = 0;
			defaultConfigurationName = Release;
		};
		2D63C98726CBD45F00EC69E1 /* Build configuration list for PBXNativeTarget "TextField" */ = {
			isa = XCConfigurationList;
			buildConfigurations = (
				2D63C98826CBD45F00EC69E1 /* Debug */,
				2D63C98926CBD45F00EC69E1 /* Release */,
			);
			defaultConfigurationIsVisible = 0;
			defaultConfigurationName = Release;
		};
		2D63C98A26CBD45F00EC69E1 /* Build configuration list for PBXNativeTarget "TextFieldTests" */ = {
			isa = XCConfigurationList;
			buildConfigurations = (
				2D63C98B26CBD45F00EC69E1 /* Debug */,
				2D63C98C26CBD45F00EC69E1 /* Release */,
			);
			defaultConfigurationIsVisible = 0;
			defaultConfigurationName = Release;
		};
		2D63C98D26CBD45F00EC69E1 /* Build configuration list for PBXNativeTarget "TextFieldUITests" */ = {
			isa = XCConfigurationList;
			buildConfigurations = (
				2D63C98E26CBD45F00EC69E1 /* Debug */,
				2D63C98F26CBD45F00EC69E1 /* Release */,
			);
			defaultConfigurationIsVisible = 0;
			defaultConfigurationName = Release;
		};
/* End XCConfigurationList section */
	};
	rootObject = 2D63C95526CBD45D00EC69E1 /* Project object */;
}
