// !$*UTF8*$!
{
	archiveVersion = 1;
	classes = {
	};
	objectVersion = 50;
	objects = {

/* Begin PBXBuildFile section */
		1A9A3986B4EF7B9E747203C3 /* Pods_Snapshot.framework in Frameworks */ = {isa = PBXBuildFile; fileRef = CF33798B32823947B119AC91 /* Pods_Snapshot.framework */; };
		2D67EF0926DA7D9600849812 /* AppDelegate.swift in Sources */ = {isa = PBXBuildFile; fileRef = 2D67EF0826DA7D9600849812 /* AppDelegate.swift */; };
		2D67EF0B26DA7D9600849812 /* SceneDelegate.swift in Sources */ = {isa = PBXBuildFile; fileRef = 2D67EF0A26DA7D9600849812 /* SceneDelegate.swift */; };
		2D67EF0D26DA7D9600849812 /* ViewController.swift in Sources */ = {isa = PBXBuildFile; fileRef = 2D67EF0C26DA7D9600849812 /* ViewController.swift */; };
		2D67EF1026DA7D9600849812 /* Main.storyboard in Resources */ = {isa = PBXBuildFile; fileRef = 2D67EF0E26DA7D9600849812 /* Main.storyboard */; };
		2D67EF1226DA7D9800849812 /* Assets.xcassets in Resources */ = {isa = PBXBuildFile; fileRef = 2D67EF1126DA7D9800849812 /* Assets.xcassets */; };
		2D67EF1526DA7D9800849812 /* LaunchScreen.storyboard in Resources */ = {isa = PBXBuildFile; fileRef = 2D67EF1326DA7D9800849812 /* LaunchScreen.storyboard */; };
		2D67EF2026DA7D9800849812 /* SnapshotTests.swift in Sources */ = {isa = PBXBuildFile; fileRef = 2D67EF1F26DA7D9800849812 /* SnapshotTests.swift */; };
		2D67EF2B26DA7D9800849812 /* SnapshotUITests.swift in Sources */ = {isa = PBXBuildFile; fileRef = 2D67EF2A26DA7D9800849812 /* SnapshotUITests.swift */; };
		332027CD3ED6136E66252345 /* Pods_SnapshotTests.framework in Frameworks */ = {isa = PBXBuildFile; fileRef = 970A1DBCBE798ECB2494814F /* Pods_SnapshotTests.framework */; };
		E227AE778CBC7CE913DC77F6 /* Pods_Snapshot_SnapshotUITests.framework in Frameworks */ = {isa = PBXBuildFile; fileRef = 69C23EE3ECD412211AFC8AA2 /* Pods_Snapshot_SnapshotUITests.framework */; };
/* End PBXBuildFile section */

/* Begin PBXContainerItemProxy section */
		2D67EF1C26DA7D9800849812 /* PBXContainerItemProxy */ = {
			isa = PBXContainerItemProxy;
			containerPortal = 2D67EEFD26DA7D9600849812 /* Project object */;
			proxyType = 1;
			remoteGlobalIDString = 2D67EF0426DA7D9600849812;
			remoteInfo = Snapshot;
		};
		2D67EF2726DA7D9800849812 /* PBXContainerItemProxy */ = {
			isa = PBXContainerItemProxy;
			containerPortal = 2D67EEFD26DA7D9600849812 /* Project object */;
			proxyType = 1;
			remoteGlobalIDString = 2D67EF0426DA7D9600849812;
			remoteInfo = Snapshot;
		};
/* End PBXContainerItemProxy section */

/* Begin PBXFileReference section */
		054995791A1E7CCFD494B9C7 /* Pods-Snapshot-SnapshotUITests.debug.xcconfig */ = {isa = PBXFileReference; includeInIndex = 1; lastKnownFileType = text.xcconfig; name = "Pods-Snapshot-SnapshotUITests.debug.xcconfig"; path = "Target Support Files/Pods-Snapshot-SnapshotUITests/Pods-Snapshot-SnapshotUITests.debug.xcconfig"; sourceTree = "<group>"; };
		2D67EF0526DA7D9600849812 /* Snapshot.app */ = {isa = PBXFileReference; explicitFileType = wrapper.application; includeInIndex = 0; path = Snapshot.app; sourceTree = BUILT_PRODUCTS_DIR; };
		2D67EF0826DA7D9600849812 /* AppDelegate.swift */ = {isa = PBXFileReference; lastKnownFileType = sourcecode.swift; path = AppDelegate.swift; sourceTree = "<group>"; };
		2D67EF0A26DA7D9600849812 /* SceneDelegate.swift */ = {isa = PBXFileReference; lastKnownFileType = sourcecode.swift; path = SceneDelegate.swift; sourceTree = "<group>"; };
		2D67EF0C26DA7D9600849812 /* ViewController.swift */ = {isa = PBXFileReference; lastKnownFileType = sourcecode.swift; path = ViewController.swift; sourceTree = "<group>"; };
		2D67EF0F26DA7D9600849812 /* Base */ = {isa = PBXFileReference; lastKnownFileType = file.storyboard; name = Base; path = Base.lproj/Main.storyboard; sourceTree = "<group>"; };
		2D67EF1126DA7D9800849812 /* Assets.xcassets */ = {isa = PBXFileReference; lastKnownFileType = folder.assetcatalog; path = Assets.xcassets; sourceTree = "<group>"; };
		2D67EF1426DA7D9800849812 /* Base */ = {isa = PBXFileReference; lastKnownFileType = file.storyboard; name = Base; path = Base.lproj/LaunchScreen.storyboard; sourceTree = "<group>"; };
		2D67EF1626DA7D9800849812 /* Info.plist */ = {isa = PBXFileReference; lastKnownFileType = text.plist.xml; path = Info.plist; sourceTree = "<group>"; };
		2D67EF1B26DA7D9800849812 /* SnapshotTests.xctest */ = {isa = PBXFileReference; explicitFileType = wrapper.cfbundle; includeInIndex = 0; path = SnapshotTests.xctest; sourceTree = BUILT_PRODUCTS_DIR; };
		2D67EF1F26DA7D9800849812 /* SnapshotTests.swift */ = {isa = PBXFileReference; lastKnownFileType = sourcecode.swift; path = SnapshotTests.swift; sourceTree = "<group>"; };
		2D67EF2126DA7D9800849812 /* Info.plist */ = {isa = PBXFileReference; lastKnownFileType = text.plist.xml; path = Info.plist; sourceTree = "<group>"; };
		2D67EF2626DA7D9800849812 /* SnapshotUITests.xctest */ = {isa = PBXFileReference; explicitFileType = wrapper.cfbundle; includeInIndex = 0; path = SnapshotUITests.xctest; sourceTree = BUILT_PRODUCTS_DIR; };
		2D67EF2A26DA7D9800849812 /* SnapshotUITests.swift */ = {isa = PBXFileReference; lastKnownFileType = sourcecode.swift; path = SnapshotUITests.swift; sourceTree = "<group>"; };
		2D67EF2C26DA7D9800849812 /* Info.plist */ = {isa = PBXFileReference; lastKnownFileType = text.plist.xml; path = Info.plist; sourceTree = "<group>"; };
		45D3128DC27972778DA4E6BC /* Pods-SnapshotTests.debug.xcconfig */ = {isa = PBXFileReference; includeInIndex = 1; lastKnownFileType = text.xcconfig; name = "Pods-SnapshotTests.debug.xcconfig"; path = "Target Support Files/Pods-SnapshotTests/Pods-SnapshotTests.debug.xcconfig"; sourceTree = "<group>"; };
		69C23EE3ECD412211AFC8AA2 /* Pods_Snapshot_SnapshotUITests.framework */ = {isa = PBXFileReference; explicitFileType = wrapper.framework; includeInIndex = 0; path = Pods_Snapshot_SnapshotUITests.framework; sourceTree = BUILT_PRODUCTS_DIR; };
		970A1DBCBE798ECB2494814F /* Pods_SnapshotTests.framework */ = {isa = PBXFileReference; explicitFileType = wrapper.framework; includeInIndex = 0; path = Pods_SnapshotTests.framework; sourceTree = BUILT_PRODUCTS_DIR; };
		CA280D326D525D0460357D40 /* Pods-SnapshotTests.release.xcconfig */ = {isa = PBXFileReference; includeInIndex = 1; lastKnownFileType = text.xcconfig; name = "Pods-SnapshotTests.release.xcconfig"; path = "Target Support Files/Pods-SnapshotTests/Pods-SnapshotTests.release.xcconfig"; sourceTree = "<group>"; };
		CB9B64466FA32EA7CDA41064 /* Pods-Snapshot.debug.xcconfig */ = {isa = PBXFileReference; includeInIndex = 1; lastKnownFileType = text.xcconfig; name = "Pods-Snapshot.debug.xcconfig"; path = "Target Support Files/Pods-Snapshot/Pods-Snapshot.debug.xcconfig"; sourceTree = "<group>"; };
		CF33798B32823947B119AC91 /* Pods_Snapshot.framework */ = {isa = PBXFileReference; explicitFileType = wrapper.framework; includeInIndex = 0; path = Pods_Snapshot.framework; sourceTree = BUILT_PRODUCTS_DIR; };
		D4BB4CC3310E46ACB9E3E74D /* Pods-Snapshot-SnapshotUITests.release.xcconfig */ = {isa = PBXFileReference; includeInIndex = 1; lastKnownFileType = text.xcconfig; name = "Pods-Snapshot-SnapshotUITests.release.xcconfig"; path = "Target Support Files/Pods-Snapshot-SnapshotUITests/Pods-Snapshot-SnapshotUITests.release.xcconfig"; sourceTree = "<group>"; };
		F2AB7B93D7FD4C9B6C3DC773 /* Pods-Snapshot.release.xcconfig */ = {isa = PBXFileReference; includeInIndex = 1; lastKnownFileType = text.xcconfig; name = "Pods-Snapshot.release.xcconfig"; path = "Target Support Files/Pods-Snapshot/Pods-Snapshot.release.xcconfig"; sourceTree = "<group>"; };
/* End PBXFileReference section */

/* Begin PBXFrameworksBuildPhase section */
		2D67EF0226DA7D9600849812 /* Frameworks */ = {
			isa = PBXFrameworksBuildPhase;
			buildActionMask = 2147483647;
			files = (
				1A9A3986B4EF7B9E747203C3 /* Pods_Snapshot.framework in Frameworks */,
			);
			runOnlyForDeploymentPostprocessing = 0;
		};
		2D67EF1826DA7D9800849812 /* Frameworks */ = {
			isa = PBXFrameworksBuildPhase;
			buildActionMask = 2147483647;
			files = (
				332027CD3ED6136E66252345 /* Pods_SnapshotTests.framework in Frameworks */,
			);
			runOnlyForDeploymentPostprocessing = 0;
		};
		2D67EF2326DA7D9800849812 /* Frameworks */ = {
			isa = PBXFrameworksBuildPhase;
			buildActionMask = 2147483647;
			files = (
				E227AE778CBC7CE913DC77F6 /* Pods_Snapshot_SnapshotUITests.framework in Frameworks */,
			);
			runOnlyForDeploymentPostprocessing = 0;
		};
/* End PBXFrameworksBuildPhase section */

/* Begin PBXGroup section */
		2D67EEFC26DA7D9600849812 = {
			isa = PBXGroup;
			children = (
				2D67EF0726DA7D9600849812 /* Snapshot */,
				2D67EF1E26DA7D9800849812 /* SnapshotTests */,
				2D67EF2926DA7D9800849812 /* SnapshotUITests */,
				2D67EF0626DA7D9600849812 /* Products */,
				EBDA2D7651D21B6D5A73D91F /* Pods */,
				E3CF704F89B8F356B2704957 /* Frameworks */,
			);
			sourceTree = "<group>";
		};
		2D67EF0626DA7D9600849812 /* Products */ = {
			isa = PBXGroup;
			children = (
				2D67EF0526DA7D9600849812 /* Snapshot.app */,
				2D67EF1B26DA7D9800849812 /* SnapshotTests.xctest */,
				2D67EF2626DA7D9800849812 /* SnapshotUITests.xctest */,
			);
			name = Products;
			sourceTree = "<group>";
		};
		2D67EF0726DA7D9600849812 /* Snapshot */ = {
			isa = PBXGroup;
			children = (
				2D67EF0826DA7D9600849812 /* AppDelegate.swift */,
				2D67EF0A26DA7D9600849812 /* SceneDelegate.swift */,
				2D67EF0C26DA7D9600849812 /* ViewController.swift */,
				2D67EF0E26DA7D9600849812 /* Main.storyboard */,
				2D67EF1126DA7D9800849812 /* Assets.xcassets */,
				2D67EF1326DA7D9800849812 /* LaunchScreen.storyboard */,
				2D67EF1626DA7D9800849812 /* Info.plist */,
			);
			path = Snapshot;
			sourceTree = "<group>";
		};
		2D67EF1E26DA7D9800849812 /* SnapshotTests */ = {
			isa = PBXGroup;
			children = (
				2D67EF1F26DA7D9800849812 /* SnapshotTests.swift */,
				2D67EF2126DA7D9800849812 /* Info.plist */,
			);
			path = SnapshotTests;
			sourceTree = "<group>";
		};
		2D67EF2926DA7D9800849812 /* SnapshotUITests */ = {
			isa = PBXGroup;
			children = (
				2D67EF2A26DA7D9800849812 /* SnapshotUITests.swift */,
				2D67EF2C26DA7D9800849812 /* Info.plist */,
			);
			path = SnapshotUITests;
			sourceTree = "<group>";
		};
		E3CF704F89B8F356B2704957 /* Frameworks */ = {
			isa = PBXGroup;
			children = (
				CF33798B32823947B119AC91 /* Pods_Snapshot.framework */,
				69C23EE3ECD412211AFC8AA2 /* Pods_Snapshot_SnapshotUITests.framework */,
				970A1DBCBE798ECB2494814F /* Pods_SnapshotTests.framework */,
			);
			name = Frameworks;
			sourceTree = "<group>";
		};
		EBDA2D7651D21B6D5A73D91F /* Pods */ = {
			isa = PBXGroup;
			children = (
				CB9B64466FA32EA7CDA41064 /* Pods-Snapshot.debug.xcconfig */,
				F2AB7B93D7FD4C9B6C3DC773 /* Pods-Snapshot.release.xcconfig */,
				054995791A1E7CCFD494B9C7 /* Pods-Snapshot-SnapshotUITests.debug.xcconfig */,
				D4BB4CC3310E46ACB9E3E74D /* Pods-Snapshot-SnapshotUITests.release.xcconfig */,
				45D3128DC27972778DA4E6BC /* Pods-SnapshotTests.debug.xcconfig */,
				CA280D326D525D0460357D40 /* Pods-SnapshotTests.release.xcconfig */,
			);
			name = Pods;
			path = Pods;
			sourceTree = "<group>";
		};
/* End PBXGroup section */

/* Begin PBXNativeTarget section */
		2D67EF0426DA7D9600849812 /* Snapshot */ = {
			isa = PBXNativeTarget;
			buildConfigurationList = 2D67EF2F26DA7D9800849812 /* Build configuration list for PBXNativeTarget "Snapshot" */;
			buildPhases = (
				0AA98860EDCACEFA09D0E260 /* [CP] Check Pods Manifest.lock */,
				2D67EF0126DA7D9600849812 /* Sources */,
				2D67EF0226DA7D9600849812 /* Frameworks */,
				2D67EF0326DA7D9600849812 /* Resources */,
			);
			buildRules = (
			);
			dependencies = (
			);
			name = Snapshot;
			productName = Snapshot;
			productReference = 2D67EF0526DA7D9600849812 /* Snapshot.app */;
			productType = "com.apple.product-type.application";
		};
		2D67EF1A26DA7D9800849812 /* SnapshotTests */ = {
			isa = PBXNativeTarget;
			buildConfigurationList = 2D67EF3226DA7D9800849812 /* Build configuration list for PBXNativeTarget "SnapshotTests" */;
			buildPhases = (
				58E629B42D1A6B60FBF64C6F /* [CP] Check Pods Manifest.lock */,
				2D67EF1726DA7D9800849812 /* Sources */,
				2D67EF1826DA7D9800849812 /* Frameworks */,
				2D67EF1926DA7D9800849812 /* Resources */,
				AD207EEF09D94869ECC51C71 /* [CP] Embed Pods Frameworks */,
			);
			buildRules = (
			);
			dependencies = (
				2D67EF1D26DA7D9800849812 /* PBXTargetDependency */,
			);
			name = SnapshotTests;
			productName = SnapshotTests;
			productReference = 2D67EF1B26DA7D9800849812 /* SnapshotTests.xctest */;
			productType = "com.apple.product-type.bundle.unit-test";
		};
		2D67EF2526DA7D9800849812 /* SnapshotUITests */ = {
			isa = PBXNativeTarget;
			buildConfigurationList = 2D67EF3526DA7D9800849812 /* Build configuration list for PBXNativeTarget "SnapshotUITests" */;
			buildPhases = (
				8351057E601E2649269AFB48 /* [CP] Check Pods Manifest.lock */,
				2D67EF2226DA7D9800849812 /* Sources */,
				2D67EF2326DA7D9800849812 /* Frameworks */,
				2D67EF2426DA7D9800849812 /* Resources */,
			);
			buildRules = (
			);
			dependencies = (
				2D67EF2826DA7D9800849812 /* PBXTargetDependency */,
			);
			name = SnapshotUITests;
			productName = SnapshotUITests;
			productReference = 2D67EF2626DA7D9800849812 /* SnapshotUITests.xctest */;
			productType = "com.apple.product-type.bundle.ui-testing";
		};
/* End PBXNativeTarget section */

/* Begin PBXProject section */
		2D67EEFD26DA7D9600849812 /* Project object */ = {
			isa = PBXProject;
			attributes = {
				LastSwiftUpdateCheck = 1250;
				LastUpgradeCheck = 1250;
				TargetAttributes = {
					2D67EF0426DA7D9600849812 = {
						CreatedOnToolsVersion = 12.5.1;
					};
					2D67EF1A26DA7D9800849812 = {
						CreatedOnToolsVersion = 12.5.1;
						TestTargetID = 2D67EF0426DA7D9600849812;
					};
					2D67EF2526DA7D9800849812 = {
						CreatedOnToolsVersion = 12.5.1;
						TestTargetID = 2D67EF0426DA7D9600849812;
					};
				};
			};
			buildConfigurationList = 2D67EF0026DA7D9600849812 /* Build configuration list for PBXProject "Snapshot" */;
			compatibilityVersion = "Xcode 9.3";
			developmentRegion = en;
			hasScannedForEncodings = 0;
			knownRegions = (
				en,
				Base,
			);
			mainGroup = 2D67EEFC26DA7D9600849812;
			productRefGroup = 2D67EF0626DA7D9600849812 /* Products */;
			projectDirPath = "";
			projectRoot = "";
			targets = (
				2D67EF0426DA7D9600849812 /* Snapshot */,
				2D67EF1A26DA7D9800849812 /* SnapshotTests */,
				2D67EF2526DA7D9800849812 /* SnapshotUITests */,
			);
		};
/* End PBXProject section */

/* Begin PBXResourcesBuildPhase section */
		2D67EF0326DA7D9600849812 /* Resources */ = {
			isa = PBXResourcesBuildPhase;
			buildActionMask = 2147483647;
			files = (
				2D67EF1526DA7D9800849812 /* LaunchScreen.storyboard in Resources */,
				2D67EF1226DA7D9800849812 /* Assets.xcassets in Resources */,
				2D67EF1026DA7D9600849812 /* Main.storyboard in Resources */,
			);
			runOnlyForDeploymentPostprocessing = 0;
		};
		2D67EF1926DA7D9800849812 /* Resources */ = {
			isa = PBXResourcesBuildPhase;
			buildActionMask = 2147483647;
			files = (
			);
			runOnlyForDeploymentPostprocessing = 0;
		};
		2D67EF2426DA7D9800849812 /* Resources */ = {
			isa = PBXResourcesBuildPhase;
			buildActionMask = 2147483647;
			files = (
			);
			runOnlyForDeploymentPostprocessing = 0;
		};
/* End PBXResourcesBuildPhase section */

/* Begin PBXShellScriptBuildPhase section */
		0AA98860EDCACEFA09D0E260 /* [CP] Check Pods Manifest.lock */ = {
			isa = PBXShellScriptBuildPhase;
			buildActionMask = 2147483647;
			files = (
			);
			inputFileListPaths = (
			);
			inputPaths = (
				"${PODS_PODFILE_DIR_PATH}/Podfile.lock",
				"${PODS_ROOT}/Manifest.lock",
			);
			name = "[CP] Check Pods Manifest.lock";
			outputFileListPaths = (
			);
			outputPaths = (
				"$(DERIVED_FILE_DIR)/Pods-Snapshot-checkManifestLockResult.txt",
			);
			runOnlyForDeploymentPostprocessing = 0;
			shellPath = /bin/sh;
			shellScript = "diff \"${PODS_PODFILE_DIR_PATH}/Podfile.lock\" \"${PODS_ROOT}/Manifest.lock\" > /dev/null\nif [ $? != 0 ] ; then\n    # print error to STDERR\n    echo \"error: The sandbox is not in sync with the Podfile.lock. Run 'pod install' or update your CocoaPods installation.\" >&2\n    exit 1\nfi\n# This output is used by Xcode 'outputs' to avoid re-running this script phase.\necho \"SUCCESS\" > \"${SCRIPT_OUTPUT_FILE_0}\"\n";
			showEnvVarsInLog = 0;
		};
		58E629B42D1A6B60FBF64C6F /* [CP] Check Pods Manifest.lock */ = {
			isa = PBXShellScriptBuildPhase;
			buildActionMask = 2147483647;
			files = (
			);
			inputFileListPaths = (
			);
			inputPaths = (
				"${PODS_PODFILE_DIR_PATH}/Podfile.lock",
				"${PODS_ROOT}/Manifest.lock",
			);
			name = "[CP] Check Pods Manifest.lock";
			outputFileListPaths = (
			);
			outputPaths = (
				"$(DERIVED_FILE_DIR)/Pods-SnapshotTests-checkManifestLockResult.txt",
			);
			runOnlyForDeploymentPostprocessing = 0;
			shellPath = /bin/sh;
			shellScript = "diff \"${PODS_PODFILE_DIR_PATH}/Podfile.lock\" \"${PODS_ROOT}/Manifest.lock\" > /dev/null\nif [ $? != 0 ] ; then\n    # print error to STDERR\n    echo \"error: The sandbox is not in sync with the Podfile.lock. Run 'pod install' or update your CocoaPods installation.\" >&2\n    exit 1\nfi\n# This output is used by Xcode 'outputs' to avoid re-running this script phase.\necho \"SUCCESS\" > \"${SCRIPT_OUTPUT_FILE_0}\"\n";
			showEnvVarsInLog = 0;
		};
		8351057E601E2649269AFB48 /* [CP] Check Pods Manifest.lock */ = {
			isa = PBXShellScriptBuildPhase;
			buildActionMask = 2147483647;
			files = (
			);
			inputFileListPaths = (
			);
			inputPaths = (
				"${PODS_PODFILE_DIR_PATH}/Podfile.lock",
				"${PODS_ROOT}/Manifest.lock",
			);
			name = "[CP] Check Pods Manifest.lock";
			outputFileListPaths = (
			);
			outputPaths = (
				"$(DERIVED_FILE_DIR)/Pods-Snapshot-SnapshotUITests-checkManifestLockResult.txt",
			);
			runOnlyForDeploymentPostprocessing = 0;
			shellPath = /bin/sh;
			shellScript = "diff \"${PODS_PODFILE_DIR_PATH}/Podfile.lock\" \"${PODS_ROOT}/Manifest.lock\" > /dev/null\nif [ $? != 0 ] ; then\n    # print error to STDERR\n    echo \"error: The sandbox is not in sync with the Podfile.lock. Run 'pod install' or update your CocoaPods installation.\" >&2\n    exit 1\nfi\n# This output is used by Xcode 'outputs' to avoid re-running this script phase.\necho \"SUCCESS\" > \"${SCRIPT_OUTPUT_FILE_0}\"\n";
			showEnvVarsInLog = 0;
		};
		AD207EEF09D94869ECC51C71 /* [CP] Embed Pods Frameworks */ = {
			isa = PBXShellScriptBuildPhase;
			buildActionMask = 2147483647;
			files = (
			);
			inputFileListPaths = (
				"${PODS_ROOT}/Target Support Files/Pods-SnapshotTests/Pods-SnapshotTests-frameworks-${CONFIGURATION}-input-files.xcfilelist",
			);
			name = "[CP] Embed Pods Frameworks";
			outputFileListPaths = (
				"${PODS_ROOT}/Target Support Files/Pods-SnapshotTests/Pods-SnapshotTests-frameworks-${CONFIGURATION}-output-files.xcfilelist",
			);
			runOnlyForDeploymentPostprocessing = 0;
			shellPath = /bin/sh;
			shellScript = "\"${PODS_ROOT}/Target Support Files/Pods-SnapshotTests/Pods-SnapshotTests-frameworks.sh\"\n";
			showEnvVarsInLog = 0;
		};
/* End PBXShellScriptBuildPhase section */

/* Begin PBXSourcesBuildPhase section */
		2D67EF0126DA7D9600849812 /* Sources */ = {
			isa = PBXSourcesBuildPhase;
			buildActionMask = 2147483647;
			files = (
				2D67EF0D26DA7D9600849812 /* ViewController.swift in Sources */,
				2D67EF0926DA7D9600849812 /* AppDelegate.swift in Sources */,
				2D67EF0B26DA7D9600849812 /* SceneDelegate.swift in Sources */,
			);
			runOnlyForDeploymentPostprocessing = 0;
		};
		2D67EF1726DA7D9800849812 /* Sources */ = {
			isa = PBXSourcesBuildPhase;
			buildActionMask = 2147483647;
			files = (
				2D67EF2026DA7D9800849812 /* SnapshotTests.swift in Sources */,
			);
			runOnlyForDeploymentPostprocessing = 0;
		};
		2D67EF2226DA7D9800849812 /* Sources */ = {
			isa = PBXSourcesBuildPhase;
			buildActionMask = 2147483647;
			files = (
				2D67EF2B26DA7D9800849812 /* SnapshotUITests.swift in Sources */,
			);
			runOnlyForDeploymentPostprocessing = 0;
		};
/* End PBXSourcesBuildPhase section */

/* Begin PBXTargetDependency section */
		2D67EF1D26DA7D9800849812 /* PBXTargetDependency */ = {
			isa = PBXTargetDependency;
			target = 2D67EF0426DA7D9600849812 /* Snapshot */;
			targetProxy = 2D67EF1C26DA7D9800849812 /* PBXContainerItemProxy */;
		};
		2D67EF2826DA7D9800849812 /* PBXTargetDependency */ = {
			isa = PBXTargetDependency;
			target = 2D67EF0426DA7D9600849812 /* Snapshot */;
			targetProxy = 2D67EF2726DA7D9800849812 /* PBXContainerItemProxy */;
		};
/* End PBXTargetDependency section */

/* Begin PBXVariantGroup section */
		2D67EF0E26DA7D9600849812 /* Main.storyboard */ = {
			isa = PBXVariantGroup;
			children = (
				2D67EF0F26DA7D9600849812 /* Base */,
			);
			name = Main.storyboard;
			sourceTree = "<group>";
		};
		2D67EF1326DA7D9800849812 /* LaunchScreen.storyboard */ = {
			isa = PBXVariantGroup;
			children = (
				2D67EF1426DA7D9800849812 /* Base */,
			);
			name = LaunchScreen.storyboard;
			sourceTree = "<group>";
		};
/* End PBXVariantGroup section */

/* Begin XCBuildConfiguration section */
		2D67EF2D26DA7D9800849812 /* Debug */ = {
			isa = XCBuildConfiguration;
			buildSettings = {
				ALWAYS_SEARCH_USER_PATHS = NO;
				CLANG_ANALYZER_NONNULL = YES;
				CLANG_ANALYZER_NUMBER_OBJECT_CONVERSION = YES_AGGRESSIVE;
				CLANG_CXX_LANGUAGE_STANDARD = "gnu++14";
				CLANG_CXX_LIBRARY = "libc++";
				CLANG_ENABLE_MODULES = YES;
				CLANG_ENABLE_OBJC_ARC = YES;
				CLANG_ENABLE_OBJC_WEAK = YES;
				CLANG_WARN_BLOCK_CAPTURE_AUTORELEASING = YES;
				CLANG_WARN_BOOL_CONVERSION = YES;
				CLANG_WARN_COMMA = YES;
				CLANG_WARN_CONSTANT_CONVERSION = YES;
				CLANG_WARN_DEPRECATED_OBJC_IMPLEMENTATIONS = YES;
				CLANG_WARN_DIRECT_OBJC_ISA_USAGE = YES_ERROR;
				CLANG_WARN_DOCUMENTATION_COMMENTS = YES;
				CLANG_WARN_EMPTY_BODY = YES;
				CLANG_WARN_ENUM_CONVERSION = YES;
				CLANG_WARN_INFINITE_RECURSION = YES;
				CLANG_WARN_INT_CONVERSION = YES;
				CLANG_WARN_NON_LITERAL_NULL_CONVERSION = YES;
				CLANG_WARN_OBJC_IMPLICIT_RETAIN_SELF = YES;
				CLANG_WARN_OBJC_LITERAL_CONVERSION = YES;
				CLANG_WARN_OBJC_ROOT_CLASS = YES_ERROR;
				CLANG_WARN_QUOTED_INCLUDE_IN_FRAMEWORK_HEADER = YES;
				CLANG_WARN_RANGE_LOOP_ANALYSIS = YES;
				CLANG_WARN_STRICT_PROTOTYPES = YES;
				CLANG_WARN_SUSPICIOUS_MOVE = YES;
				CLANG_WARN_UNGUARDED_AVAILABILITY = YES_AGGRESSIVE;
				CLANG_WARN_UNREACHABLE_CODE = YES;
				CLANG_WARN__DUPLICATE_METHOD_MATCH = YES;
				COPY_PHASE_STRIP = NO;
				DEBUG_INFORMATION_FORMAT = dwarf;
				ENABLE_STRICT_OBJC_MSGSEND = YES;
				ENABLE_TESTABILITY = YES;
				GCC_C_LANGUAGE_STANDARD = gnu11;
				GCC_DYNAMIC_NO_PIC = NO;
				GCC_NO_COMMON_BLOCKS = YES;
				GCC_OPTIMIZATION_LEVEL = 0;
				GCC_PREPROCESSOR_DEFINITIONS = (
					"DEBUG=1",
					"$(inherited)",
				);
				GCC_WARN_64_TO_32_BIT_CONVERSION = YES;
				GCC_WARN_ABOUT_RETURN_TYPE = YES_ERROR;
				GCC_WARN_UNDECLARED_SELECTOR = YES;
				GCC_WARN_UNINITIALIZED_AUTOS = YES_AGGRESSIVE;
				GCC_WARN_UNUSED_FUNCTION = YES;
				GCC_WARN_UNUSED_VARIABLE = YES;
				IPHONEOS_DEPLOYMENT_TARGET = 14.5;
				MTL_ENABLE_DEBUG_INFO = INCLUDE_SOURCE;
				MTL_FAST_MATH = YES;
				ONLY_ACTIVE_ARCH = YES;
				SDKROOT = iphoneos;
				SWIFT_ACTIVE_COMPILATION_CONDITIONS = DEBUG;
				SWIFT_OPTIMIZATION_LEVEL = "-Onone";
			};
			name = Debug;
		};
		2D67EF2E26DA7D9800849812 /* Release */ = {
			isa = XCBuildConfiguration;
			buildSettings = {
				ALWAYS_SEARCH_USER_PATHS = NO;
				CLANG_ANALYZER_NONNULL = YES;
				CLANG_ANALYZER_NUMBER_OBJECT_CONVERSION = YES_AGGRESSIVE;
				CLANG_CXX_LANGUAGE_STANDARD = "gnu++14";
				CLANG_CXX_LIBRARY = "libc++";
				CLANG_ENABLE_MODULES = YES;
				CLANG_ENABLE_OBJC_ARC = YES;
				CLANG_ENABLE_OBJC_WEAK = YES;
				CLANG_WARN_BLOCK_CAPTURE_AUTORELEASING = YES;
				CLANG_WARN_BOOL_CONVERSION = YES;
				CLANG_WARN_COMMA = YES;
				CLANG_WARN_CONSTANT_CONVERSION = YES;
				CLANG_WARN_DEPRECATED_OBJC_IMPLEMENTATIONS = YES;
				CLANG_WARN_DIRECT_OBJC_ISA_USAGE = YES_ERROR;
				CLANG_WARN_DOCUMENTATION_COMMENTS = YES;
				CLANG_WARN_EMPTY_BODY = YES;
				CLANG_WARN_ENUM_CONVERSION = YES;
				CLANG_WARN_INFINITE_RECURSION = YES;
				CLANG_WARN_INT_CONVERSION = YES;
				CLANG_WARN_NON_LITERAL_NULL_CONVERSION = YES;
				CLANG_WARN_OBJC_IMPLICIT_RETAIN_SELF = YES;
				CLANG_WARN_OBJC_LITERAL_CONVERSION = YES;
				CLANG_WARN_OBJC_ROOT_CLASS = YES_ERROR;
				CLANG_WARN_QUOTED_INCLUDE_IN_FRAMEWORK_HEADER = YES;
				CLANG_WARN_RANGE_LOOP_ANALYSIS = YES;
				CLANG_WARN_STRICT_PROTOTYPES = YES;
				CLANG_WARN_SUSPICIOUS_MOVE = YES;
				CLANG_WARN_UNGUARDED_AVAILABILITY = YES_AGGRESSIVE;
				CLANG_WARN_UNREACHABLE_CODE = YES;
				CLANG_WARN__DUPLICATE_METHOD_MATCH = YES;
				COPY_PHASE_STRIP = NO;
				DEBUG_INFORMATION_FORMAT = "dwarf-with-dsym";
				ENABLE_NS_ASSERTIONS = NO;
				ENABLE_STRICT_OBJC_MSGSEND = YES;
				GCC_C_LANGUAGE_STANDARD = gnu11;
				GCC_NO_COMMON_BLOCKS = YES;
				GCC_WARN_64_TO_32_BIT_CONVERSION = YES;
				GCC_WARN_ABOUT_RETURN_TYPE = YES_ERROR;
				GCC_WARN_UNDECLARED_SELECTOR = YES;
				GCC_WARN_UNINITIALIZED_AUTOS = YES_AGGRESSIVE;
				GCC_WARN_UNUSED_FUNCTION = YES;
				GCC_WARN_UNUSED_VARIABLE = YES;
				IPHONEOS_DEPLOYMENT_TARGET = 14.5;
				MTL_ENABLE_DEBUG_INFO = NO;
				MTL_FAST_MATH = YES;
				SDKROOT = iphoneos;
				SWIFT_COMPILATION_MODE = wholemodule;
				SWIFT_OPTIMIZATION_LEVEL = "-O";
				VALIDATE_PRODUCT = YES;
			};
			name = Release;
		};
		2D67EF3026DA7D9800849812 /* Debug */ = {
			isa = XCBuildConfiguration;
			baseConfigurationReference = CB9B64466FA32EA7CDA41064 /* Pods-Snapshot.debug.xcconfig */;
			buildSettings = {
				ASSETCATALOG_COMPILER_APPICON_NAME = AppIcon;
				ASSETCATALOG_COMPILER_GLOBAL_ACCENT_COLOR_NAME = AccentColor;
				CODE_SIGN_STYLE = Automatic;
				INFOPLIST_FILE = Snapshot/Info.plist;
				LD_RUNPATH_SEARCH_PATHS = (
					"$(inherited)",
					"@executable_path/Frameworks",
				);
				PRODUCT_BUNDLE_IDENTIFIER = br.com.test.Snapshot;
				PRODUCT_NAME = "$(TARGET_NAME)";
				SWIFT_VERSION = 5.0;
				TARGETED_DEVICE_FAMILY = "1,2";
			};
			name = Debug;
		};
		2D67EF3126DA7D9800849812 /* Release */ = {
			isa = XCBuildConfiguration;
			baseConfigurationReference = F2AB7B93D7FD4C9B6C3DC773 /* Pods-Snapshot.release.xcconfig */;
			buildSettings = {
				ASSETCATALOG_COMPILER_APPICON_NAME = AppIcon;
				ASSETCATALOG_COMPILER_GLOBAL_ACCENT_COLOR_NAME = AccentColor;
				CODE_SIGN_STYLE = Automatic;
				INFOPLIST_FILE = Snapshot/Info.plist;
				LD_RUNPATH_SEARCH_PATHS = (
					"$(inherited)",
					"@executable_path/Frameworks",
				);
				PRODUCT_BUNDLE_IDENTIFIER = br.com.test.Snapshot;
				PRODUCT_NAME = "$(TARGET_NAME)";
				SWIFT_VERSION = 5.0;
				TARGETED_DEVICE_FAMILY = "1,2";
			};
			name = Release;
		};
		2D67EF3326DA7D9800849812 /* Debug */ = {
			isa = XCBuildConfiguration;
			baseConfigurationReference = 45D3128DC27972778DA4E6BC /* Pods-SnapshotTests.debug.xcconfig */;
			buildSettings = {
				ALWAYS_EMBED_SWIFT_STANDARD_LIBRARIES = YES;
				BUNDLE_LOADER = "$(TEST_HOST)";
				CODE_SIGN_STYLE = Automatic;
				"EXCLUDED_ARCHS[sdk=iphonesimulator*]" = arm64;
				FRAMEWORK_SEARCH_PATHS = (
					"$(inherited)",
					"$(PROJECT_DIR)/SnapshotTests",
				);
				INFOPLIST_FILE = SnapshotTests/Info.plist;
				IPHONEOS_DEPLOYMENT_TARGET = 14.5;
				LD_RUNPATH_SEARCH_PATHS = (
					"$(inherited)",
					"@executable_path/Frameworks",
					"@loader_path/Frameworks",
				);
				PRODUCT_BUNDLE_IDENTIFIER = br.com.test.SnapshotTests;
				PRODUCT_NAME = "$(TARGET_NAME)";
				SWIFT_VERSION = 5.0;
				TARGETED_DEVICE_FAMILY = "1,2";
				TEST_HOST = "$(BUILT_PRODUCTS_DIR)/Snapshot.app/Snapshot";
			};
			name = Debug;
		};
		2D67EF3426DA7D9800849812 /* Release */ = {
			isa = XCBuildConfiguration;
			baseConfigurationReference = CA280D326D525D0460357D40 /* Pods-SnapshotTests.release.xcconfig */;
			buildSettings = {
				ALWAYS_EMBED_SWIFT_STANDARD_LIBRARIES = YES;
				BUNDLE_LOADER = "$(TEST_HOST)";
				CODE_SIGN_STYLE = Automatic;
				"EXCLUDED_ARCHS[sdk=iphonesimulator*]" = arm64;
				FRAMEWORK_SEARCH_PATHS = (
					"$(inherited)",
					"$(PROJECT_DIR)/SnapshotTests",
				);
				INFOPLIST_FILE = SnapshotTests/Info.plist;
				IPHONEOS_DEPLOYMENT_TARGET = 14.5;
				LD_RUNPATH_SEARCH_PATHS = (
					"$(inherited)",
					"@executable_path/Frameworks",
					"@loader_path/Frameworks",
				);
				PRODUCT_BUNDLE_IDENTIFIER = br.com.test.SnapshotTests;
				PRODUCT_NAME = "$(TARGET_NAME)";
				SWIFT_VERSION = 5.0;
				TARGETED_DEVICE_FAMILY = "1,2";
				TEST_HOST = "$(BUILT_PRODUCTS_DIR)/Snapshot.app/Snapshot";
			};
			name = Release;
		};
		2D67EF3626DA7D9800849812 /* Debug */ = {
			isa = XCBuildConfiguration;
			baseConfigurationReference = 054995791A1E7CCFD494B9C7 /* Pods-Snapshot-SnapshotUITests.debug.xcconfig */;
			buildSettings = {
				ALWAYS_EMBED_SWIFT_STANDARD_LIBRARIES = YES;
				CODE_SIGN_STYLE = Automatic;
				INFOPLIST_FILE = SnapshotUITests/Info.plist;
				LD_RUNPATH_SEARCH_PATHS = (
					"$(inherited)",
					"@executable_path/Frameworks",
					"@loader_path/Frameworks",
				);
				PRODUCT_BUNDLE_IDENTIFIER = br.com.test.SnapshotUITests;
				PRODUCT_NAME = "$(TARGET_NAME)";
				SWIFT_VERSION = 5.0;
				TARGETED_DEVICE_FAMILY = "1,2";
				TEST_TARGET_NAME = Snapshot;
			};
			name = Debug;
		};
		2D67EF3726DA7D9800849812 /* Release */ = {
			isa = XCBuildConfiguration;
			baseConfigurationReference = D4BB4CC3310E46ACB9E3E74D /* Pods-Snapshot-SnapshotUITests.release.xcconfig */;
			buildSettings = {
				ALWAYS_EMBED_SWIFT_STANDARD_LIBRARIES = YES;
				CODE_SIGN_STYLE = Automatic;
				INFOPLIST_FILE = SnapshotUITests/Info.plist;
				LD_RUNPATH_SEARCH_PATHS = (
					"$(inherited)",
					"@executable_path/Frameworks",
					"@loader_path/Frameworks",
				);
				PRODUCT_BUNDLE_IDENTIFIER = br.com.test.SnapshotUITests;
				PRODUCT_NAME = "$(TARGET_NAME)";
				SWIFT_VERSION = 5.0;
				TARGETED_DEVICE_FAMILY = "1,2";
				TEST_TARGET_NAME = Snapshot;
			};
			name = Release;
		};
/* End XCBuildConfiguration section */

/* Begin XCConfigurationList section */
		2D67EF0026DA7D9600849812 /* Build configuration list for PBXProject "Snapshot" */ = {
			isa = XCConfigurationList;
			buildConfigurations = (
				2D67EF2D26DA7D9800849812 /* Debug */,
				2D67EF2E26DA7D9800849812 /* Release */,
			);
			defaultConfigurationIsVisible = 0;
			defaultConfigurationName = Release;
		};
		2D67EF2F26DA7D9800849812 /* Build configuration list for PBXNativeTarget "Snapshot" */ = {
			isa = XCConfigurationList;
			buildConfigurations = (
				2D67EF3026DA7D9800849812 /* Debug */,
				2D67EF3126DA7D9800849812 /* Release */,
			);
			defaultConfigurationIsVisible = 0;
			defaultConfigurationName = Release;
		};
		2D67EF3226DA7D9800849812 /* Build configuration list for PBXNativeTarget "SnapshotTests" */ = {
			isa = XCConfigurationList;
			buildConfigurations = (
				2D67EF3326DA7D9800849812 /* Debug */,
				2D67EF3426DA7D9800849812 /* Release */,
			);
			defaultConfigurationIsVisible = 0;
			defaultConfigurationName = Release;
		};
		2D67EF3526DA7D9800849812 /* Build configuration list for PBXNativeTarget "SnapshotUITests" */ = {
			isa = XCConfigurationList;
			buildConfigurations = (
				2D67EF3626DA7D9800849812 /* Debug */,
				2D67EF3726DA7D9800849812 /* Release */,
			);
			defaultConfigurationIsVisible = 0;
			defaultConfigurationName = Release;
		};
/* End XCConfigurationList section */
	};
	rootObject = 2D67EEFD26DA7D9600849812 /* Project object */;
}
