// !$*UTF8*$!
{
	archiveVersion = 1;
	classes = {
	};
	objectVersion = 50;
	objects = {

/* Begin PBXBuildFile section */
		2DE4AF8826BAD122003E1EA9 /* AppDelegate.swift in Sources */ = {isa = PBXBuildFile; fileRef = 2DE4AF8726BAD122003E1EA9 /* AppDelegate.swift */; };
		2DE4AF8A26BAD122003E1EA9 /* SceneDelegate.swift in Sources */ = {isa = PBXBuildFile; fileRef = 2DE4AF8926BAD122003E1EA9 /* SceneDelegate.swift */; };
		2DE4AF8C26BAD122003E1EA9 /* ViewController.swift in Sources */ = {isa = PBXBuildFile; fileRef = 2DE4AF8B26BAD122003E1EA9 /* ViewController.swift */; };
		2DE4AF8F26BAD122003E1EA9 /* Main.storyboard in Resources */ = {isa = PBXBuildFile; fileRef = 2DE4AF8D26BAD122003E1EA9 /* Main.storyboard */; };
		2DE4AF9126BAD123003E1EA9 /* Assets.xcassets in Resources */ = {isa = PBXBuildFile; fileRef = 2DE4AF9026BAD123003E1EA9 /* Assets.xcassets */; };
		2DE4AF9426BAD123003E1EA9 /* LaunchScreen.storyboard in Resources */ = {isa = PBXBuildFile; fileRef = 2DE4AF9226BAD123003E1EA9 /* LaunchScreen.storyboard */; };
		2DE4AFAA26BAD124003E1EA9 /* LoadViewControllersUITests.swift in Sources */ = {isa = PBXBuildFile; fileRef = 2DE4AFA926BAD124003E1EA9 /* LoadViewControllersUITests.swift */; };
		2DE4AFB826BAD16C003E1EA9 /* StoryboardBasedViewController.swift in Sources */ = {isa = PBXBuildFile; fileRef = 2DE4AFB726BAD16C003E1EA9 /* StoryboardBasedViewController.swift */; };
		2DE4AFBA26BAD3A6003E1EA9 /* StoryboardBaseViewControllerTests.swift in Sources */ = {isa = PBXBuildFile; fileRef = 2DE4AFB926BAD3A6003E1EA9 /* StoryboardBaseViewControllerTests.swift */; };
		2DE4AFBD26BAD5C3003E1EA9 /* XIBBasedViewController.swift in Sources */ = {isa = PBXBuildFile; fileRef = 2DE4AFBB26BAD5C3003E1EA9 /* XIBBasedViewController.swift */; };
		2DE4AFBE26BAD5C3003E1EA9 /* XIBBasedViewController.xib in Resources */ = {isa = PBXBuildFile; fileRef = 2DE4AFBC26BAD5C3003E1EA9 /* XIBBasedViewController.xib */; };
		2DE4AFC026BAD63C003E1EA9 /* XIBBasedViewControllerTests.swift in Sources */ = {isa = PBXBuildFile; fileRef = 2DE4AFBF26BAD63C003E1EA9 /* XIBBasedViewControllerTests.swift */; };
		2DE4AFC226BAD773003E1EA9 /* CodeBasedViewController.swift in Sources */ = {isa = PBXBuildFile; fileRef = 2DE4AFC126BAD773003E1EA9 /* CodeBasedViewController.swift */; };
		2DE4AFC426BAD9AA003E1EA9 /* CodeBasedViewControllerTests.swift in Sources */ = {isa = PBXBuildFile; fileRef = 2DE4AFC326BAD9AA003E1EA9 /* CodeBasedViewControllerTests.swift */; };
/* End PBXBuildFile section */

/* Begin PBXContainerItemProxy section */
		2DE4AF9B26BAD124003E1EA9 /* PBXContainerItemProxy */ = {
			isa = PBXContainerItemProxy;
			containerPortal = 2DE4AF7C26BAD122003E1EA9 /* Project object */;
			proxyType = 1;
			remoteGlobalIDString = 2DE4AF8326BAD122003E1EA9;
			remoteInfo = LoadViewControllers;
		};
		2DE4AFA626BAD124003E1EA9 /* PBXContainerItemProxy */ = {
			isa = PBXContainerItemProxy;
			containerPortal = 2DE4AF7C26BAD122003E1EA9 /* Project object */;
			proxyType = 1;
			remoteGlobalIDString = 2DE4AF8326BAD122003E1EA9;
			remoteInfo = LoadViewControllers;
		};
/* End PBXContainerItemProxy section */

/* Begin PBXFileReference section */
		2DE4AF8426BAD122003E1EA9 /* LoadViewControllers.app */ = {isa = PBXFileReference; explicitFileType = wrapper.application; includeInIndex = 0; path = LoadViewControllers.app; sourceTree = BUILT_PRODUCTS_DIR; };
		2DE4AF8726BAD122003E1EA9 /* AppDelegate.swift */ = {isa = PBXFileReference; lastKnownFileType = sourcecode.swift; path = AppDelegate.swift; sourceTree = "<group>"; };
		2DE4AF8926BAD122003E1EA9 /* SceneDelegate.swift */ = {isa = PBXFileReference; lastKnownFileType = sourcecode.swift; path = SceneDelegate.swift; sourceTree = "<group>"; };
		2DE4AF8B26BAD122003E1EA9 /* ViewController.swift */ = {isa = PBXFileReference; lastKnownFileType = sourcecode.swift; path = ViewController.swift; sourceTree = "<group>"; };
		2DE4AF8E26BAD122003E1EA9 /* Base */ = {isa = PBXFileReference; lastKnownFileType = file.storyboard; name = Base; path = Base.lproj/Main.storyboard; sourceTree = "<group>"; };
		2DE4AF9026BAD123003E1EA9 /* Assets.xcassets */ = {isa = PBXFileReference; lastKnownFileType = folder.assetcatalog; path = Assets.xcassets; sourceTree = "<group>"; };
		2DE4AF9326BAD123003E1EA9 /* Base */ = {isa = PBXFileReference; lastKnownFileType = file.storyboard; name = Base; path = Base.lproj/LaunchScreen.storyboard; sourceTree = "<group>"; };
		2DE4AF9526BAD123003E1EA9 /* Info.plist */ = {isa = PBXFileReference; lastKnownFileType = text.plist.xml; path = Info.plist; sourceTree = "<group>"; };
		2DE4AF9A26BAD124003E1EA9 /* LoadViewControllersTests.xctest */ = {isa = PBXFileReference; explicitFileType = wrapper.cfbundle; includeInIndex = 0; path = LoadViewControllersTests.xctest; sourceTree = BUILT_PRODUCTS_DIR; };
		2DE4AFA026BAD124003E1EA9 /* Info.plist */ = {isa = PBXFileReference; lastKnownFileType = text.plist.xml; path = Info.plist; sourceTree = "<group>"; };
		2DE4AFA526BAD124003E1EA9 /* LoadViewControllersUITests.xctest */ = {isa = PBXFileReference; explicitFileType = wrapper.cfbundle; includeInIndex = 0; path = LoadViewControllersUITests.xctest; sourceTree = BUILT_PRODUCTS_DIR; };
		2DE4AFA926BAD124003E1EA9 /* LoadViewControllersUITests.swift */ = {isa = PBXFileReference; lastKnownFileType = sourcecode.swift; path = LoadViewControllersUITests.swift; sourceTree = "<group>"; };
		2DE4AFAB26BAD124003E1EA9 /* Info.plist */ = {isa = PBXFileReference; lastKnownFileType = text.plist.xml; path = Info.plist; sourceTree = "<group>"; };
		2DE4AFB726BAD16C003E1EA9 /* StoryboardBasedViewController.swift */ = {isa = PBXFileReference; lastKnownFileType = sourcecode.swift; path = StoryboardBasedViewController.swift; sourceTree = "<group>"; };
		2DE4AFB926BAD3A6003E1EA9 /* StoryboardBaseViewControllerTests.swift */ = {isa = PBXFileReference; lastKnownFileType = sourcecode.swift; path = StoryboardBaseViewControllerTests.swift; sourceTree = "<group>"; };
		2DE4AFBB26BAD5C3003E1EA9 /* XIBBasedViewController.swift */ = {isa = PBXFileReference; lastKnownFileType = sourcecode.swift; path = XIBBasedViewController.swift; sourceTree = "<group>"; };
		2DE4AFBC26BAD5C3003E1EA9 /* XIBBasedViewController.xib */ = {isa = PBXFileReference; lastKnownFileType = file.xib; path = XIBBasedViewController.xib; sourceTree = "<group>"; };
		2DE4AFBF26BAD63C003E1EA9 /* XIBBasedViewControllerTests.swift */ = {isa = PBXFileReference; lastKnownFileType = sourcecode.swift; path = XIBBasedViewControllerTests.swift; sourceTree = "<group>"; };
		2DE4AFC126BAD773003E1EA9 /* CodeBasedViewController.swift */ = {isa = PBXFileReference; lastKnownFileType = sourcecode.swift; path = CodeBasedViewController.swift; sourceTree = "<group>"; };
		2DE4AFC326BAD9AA003E1EA9 /* CodeBasedViewControllerTests.swift */ = {isa = PBXFileReference; lastKnownFileType = sourcecode.swift; path = CodeBasedViewControllerTests.swift; sourceTree = "<group>"; };
/* End PBXFileReference section */

/* Begin PBXFrameworksBuildPhase section */
		2DE4AF8126BAD122003E1EA9 /* Frameworks */ = {
			isa = PBXFrameworksBuildPhase;
			buildActionMask = 2147483647;
			files = (
			);
			runOnlyForDeploymentPostprocessing = 0;
		};
		2DE4AF9726BAD124003E1EA9 /* Frameworks */ = {
			isa = PBXFrameworksBuildPhase;
			buildActionMask = 2147483647;
			files = (
			);
			runOnlyForDeploymentPostprocessing = 0;
		};
		2DE4AFA226BAD124003E1EA9 /* Frameworks */ = {
			isa = PBXFrameworksBuildPhase;
			buildActionMask = 2147483647;
			files = (
			);
			runOnlyForDeploymentPostprocessing = 0;
		};
/* End PBXFrameworksBuildPhase section */

/* Begin PBXGroup section */
		2DE4AF7B26BAD122003E1EA9 = {
			isa = PBXGroup;
			children = (
				2DE4AF8626BAD122003E1EA9 /* LoadViewControllers */,
				2DE4AF9D26BAD124003E1EA9 /* LoadViewControllersTests */,
				2DE4AFA826BAD124003E1EA9 /* LoadViewControllersUITests */,
				2DE4AF8526BAD122003E1EA9 /* Products */,
			);
			sourceTree = "<group>";
		};
		2DE4AF8526BAD122003E1EA9 /* Products */ = {
			isa = PBXGroup;
			children = (
				2DE4AF8426BAD122003E1EA9 /* LoadViewControllers.app */,
				2DE4AF9A26BAD124003E1EA9 /* LoadViewControllersTests.xctest */,
				2DE4AFA526BAD124003E1EA9 /* LoadViewControllersUITests.xctest */,
			);
			name = Products;
			sourceTree = "<group>";
		};
		2DE4AF8626BAD122003E1EA9 /* LoadViewControllers */ = {
			isa = PBXGroup;
			children = (
				2DE4AF8726BAD122003E1EA9 /* AppDelegate.swift */,
				2DE4AF8926BAD122003E1EA9 /* SceneDelegate.swift */,
				2DE4AF8B26BAD122003E1EA9 /* ViewController.swift */,
				2DE4AF8D26BAD122003E1EA9 /* Main.storyboard */,
				2DE4AF9026BAD123003E1EA9 /* Assets.xcassets */,
				2DE4AF9226BAD123003E1EA9 /* LaunchScreen.storyboard */,
				2DE4AF9526BAD123003E1EA9 /* Info.plist */,
				2DE4AFB726BAD16C003E1EA9 /* StoryboardBasedViewController.swift */,
				2DE4AFBB26BAD5C3003E1EA9 /* XIBBasedViewController.swift */,
				2DE4AFBC26BAD5C3003E1EA9 /* XIBBasedViewController.xib */,
				2DE4AFC126BAD773003E1EA9 /* CodeBasedViewController.swift */,
			);
			path = LoadViewControllers;
			sourceTree = "<group>";
		};
		2DE4AF9D26BAD124003E1EA9 /* LoadViewControllersTests */ = {
			isa = PBXGroup;
			children = (
				2DE4AFA026BAD124003E1EA9 /* Info.plist */,
				2DE4AFB926BAD3A6003E1EA9 /* StoryboardBaseViewControllerTests.swift */,
				2DE4AFBF26BAD63C003E1EA9 /* XIBBasedViewControllerTests.swift */,
				2DE4AFC326BAD9AA003E1EA9 /* CodeBasedViewControllerTests.swift */,
			);
			path = LoadViewControllersTests;
			sourceTree = "<group>";
		};
		2DE4AFA826BAD124003E1EA9 /* LoadViewControllersUITests */ = {
			isa = PBXGroup;
			children = (
				2DE4AFA926BAD124003E1EA9 /* LoadViewControllersUITests.swift */,
				2DE4AFAB26BAD124003E1EA9 /* Info.plist */,
			);
			path = LoadViewControllersUITests;
			sourceTree = "<group>";
		};
/* End PBXGroup section */

/* Begin PBXNativeTarget section */
		2DE4AF8326BAD122003E1EA9 /* LoadViewControllers */ = {
			isa = PBXNativeTarget;
			buildConfigurationList = 2DE4AFAE26BAD124003E1EA9 /* Build configuration list for PBXNativeTarget "LoadViewControllers" */;
			buildPhases = (
				2DE4AF8026BAD122003E1EA9 /* Sources */,
				2DE4AF8126BAD122003E1EA9 /* Frameworks */,
				2DE4AF8226BAD122003E1EA9 /* Resources */,
			);
			buildRules = (
			);
			dependencies = (
			);
			name = LoadViewControllers;
			productName = LoadViewControllers;
			productReference = 2DE4AF8426BAD122003E1EA9 /* LoadViewControllers.app */;
			productType = "com.apple.product-type.application";
		};
		2DE4AF9926BAD124003E1EA9 /* LoadViewControllersTests */ = {
			isa = PBXNativeTarget;
			buildConfigurationList = 2DE4AFB126BAD124003E1EA9 /* Build configuration list for PBXNativeTarget "LoadViewControllersTests" */;
			buildPhases = (
				2DE4AF9626BAD124003E1EA9 /* Sources */,
				2DE4AF9726BAD124003E1EA9 /* Frameworks */,
				2DE4AF9826BAD124003E1EA9 /* Resources */,
			);
			buildRules = (
			);
			dependencies = (
				2DE4AF9C26BAD124003E1EA9 /* PBXTargetDependency */,
			);
			name = LoadViewControllersTests;
			productName = LoadViewControllersTests;
			productReference = 2DE4AF9A26BAD124003E1EA9 /* LoadViewControllersTests.xctest */;
			productType = "com.apple.product-type.bundle.unit-test";
		};
		2DE4AFA426BAD124003E1EA9 /* LoadViewControllersUITests */ = {
			isa = PBXNativeTarget;
			buildConfigurationList = 2DE4AFB426BAD124003E1EA9 /* Build configuration list for PBXNativeTarget "LoadViewControllersUITests" */;
			buildPhases = (
				2DE4AFA126BAD124003E1EA9 /* Sources */,
				2DE4AFA226BAD124003E1EA9 /* Frameworks */,
				2DE4AFA326BAD124003E1EA9 /* Resources */,
			);
			buildRules = (
			);
			dependencies = (
				2DE4AFA726BAD124003E1EA9 /* PBXTargetDependency */,
			);
			name = LoadViewControllersUITests;
			productName = LoadViewControllersUITests;
			productReference = 2DE4AFA526BAD124003E1EA9 /* LoadViewControllersUITests.xctest */;
			productType = "com.apple.product-type.bundle.ui-testing";
		};
/* End PBXNativeTarget section */

/* Begin PBXProject section */
		2DE4AF7C26BAD122003E1EA9 /* Project object */ = {
			isa = PBXProject;
			attributes = {
				LastSwiftUpdateCheck = 1250;
				LastUpgradeCheck = 1250;
				TargetAttributes = {
					2DE4AF8326BAD122003E1EA9 = {
						CreatedOnToolsVersion = 12.5.1;
					};
					2DE4AF9926BAD124003E1EA9 = {
						CreatedOnToolsVersion = 12.5.1;
						LastSwiftMigration = 1250;
						TestTargetID = 2DE4AF8326BAD122003E1EA9;
					};
					2DE4AFA426BAD124003E1EA9 = {
						CreatedOnToolsVersion = 12.5.1;
						TestTargetID = 2DE4AF8326BAD122003E1EA9;
					};
				};
			};
			buildConfigurationList = 2DE4AF7F26BAD122003E1EA9 /* Build configuration list for PBXProject "LoadViewControllers" */;
			compatibilityVersion = "Xcode 9.3";
			developmentRegion = en;
			hasScannedForEncodings = 0;
			knownRegions = (
				en,
				Base,
			);
			mainGroup = 2DE4AF7B26BAD122003E1EA9;
			productRefGroup = 2DE4AF8526BAD122003E1EA9 /* Products */;
			projectDirPath = "";
			projectRoot = "";
			targets = (
				2DE4AF8326BAD122003E1EA9 /* LoadViewControllers */,
				2DE4AF9926BAD124003E1EA9 /* LoadViewControllersTests */,
				2DE4AFA426BAD124003E1EA9 /* LoadViewControllersUITests */,
			);
		};
/* End PBXProject section */

/* Begin PBXResourcesBuildPhase section */
		2DE4AF8226BAD122003E1EA9 /* Resources */ = {
			isa = PBXResourcesBuildPhase;
			buildActionMask = 2147483647;
			files = (
				2DE4AFBE26BAD5C3003E1EA9 /* XIBBasedViewController.xib in Resources */,
				2DE4AF9426BAD123003E1EA9 /* LaunchScreen.storyboard in Resources */,
				2DE4AF9126BAD123003E1EA9 /* Assets.xcassets in Resources */,
				2DE4AF8F26BAD122003E1EA9 /* Main.storyboard in Resources */,
			);
			runOnlyForDeploymentPostprocessing = 0;
		};
		2DE4AF9826BAD124003E1EA9 /* Resources */ = {
			isa = PBXResourcesBuildPhase;
			buildActionMask = 2147483647;
			files = (
			);
			runOnlyForDeploymentPostprocessing = 0;
		};
		2DE4AFA326BAD124003E1EA9 /* Resources */ = {
			isa = PBXResourcesBuildPhase;
			buildActionMask = 2147483647;
			files = (
			);
			runOnlyForDeploymentPostprocessing = 0;
		};
/* End PBXResourcesBuildPhase section */

/* Begin PBXSourcesBuildPhase section */
		2DE4AF8026BAD122003E1EA9 /* Sources */ = {
			isa = PBXSourcesBuildPhase;
			buildActionMask = 2147483647;
			files = (
				2DE4AF8C26BAD122003E1EA9 /* ViewController.swift in Sources */,
				2DE4AFC226BAD773003E1EA9 /* CodeBasedViewController.swift in Sources */,
				2DE4AFBD26BAD5C3003E1EA9 /* XIBBasedViewController.swift in Sources */,
				2DE4AFB826BAD16C003E1EA9 /* StoryboardBasedViewController.swift in Sources */,
				2DE4AF8826BAD122003E1EA9 /* AppDelegate.swift in Sources */,
				2DE4AF8A26BAD122003E1EA9 /* SceneDelegate.swift in Sources */,
			);
			runOnlyForDeploymentPostprocessing = 0;
		};
		2DE4AF9626BAD124003E1EA9 /* Sources */ = {
			isa = PBXSourcesBuildPhase;
			buildActionMask = 2147483647;
			files = (
				2DE4AFC426BAD9AA003E1EA9 /* CodeBasedViewControllerTests.swift in Sources */,
				2DE4AFC026BAD63C003E1EA9 /* XIBBasedViewControllerTests.swift in Sources */,
				2DE4AFBA26BAD3A6003E1EA9 /* StoryboardBaseViewControllerTests.swift in Sources */,
			);
			runOnlyForDeploymentPostprocessing = 0;
		};
		2DE4AFA126BAD124003E1EA9 /* Sources */ = {
			isa = PBXSourcesBuildPhase;
			buildActionMask = 2147483647;
			files = (
				2DE4AFAA26BAD124003E1EA9 /* LoadViewControllersUITests.swift in Sources */,
			);
			runOnlyForDeploymentPostprocessing = 0;
		};
/* End PBXSourcesBuildPhase section */

/* Begin PBXTargetDependency section */
		2DE4AF9C26BAD124003E1EA9 /* PBXTargetDependency */ = {
			isa = PBXTargetDependency;
			target = 2DE4AF8326BAD122003E1EA9 /* LoadViewControllers */;
			targetProxy = 2DE4AF9B26BAD124003E1EA9 /* PBXContainerItemProxy */;
		};
		2DE4AFA726BAD124003E1EA9 /* PBXTargetDependency */ = {
			isa = PBXTargetDependency;
			target = 2DE4AF8326BAD122003E1EA9 /* LoadViewControllers */;
			targetProxy = 2DE4AFA626BAD124003E1EA9 /* PBXContainerItemProxy */;
		};
/* End PBXTargetDependency section */

/* Begin PBXVariantGroup section */
		2DE4AF8D26BAD122003E1EA9 /* Main.storyboard */ = {
			isa = PBXVariantGroup;
			children = (
				2DE4AF8E26BAD122003E1EA9 /* Base */,
			);
			name = Main.storyboard;
			sourceTree = "<group>";
		};
		2DE4AF9226BAD123003E1EA9 /* LaunchScreen.storyboard */ = {
			isa = PBXVariantGroup;
			children = (
				2DE4AF9326BAD123003E1EA9 /* Base */,
			);
			name = LaunchScreen.storyboard;
			sourceTree = "<group>";
		};
/* End PBXVariantGroup section */

/* Begin XCBuildConfiguration section */
		2DE4AFAC26BAD124003E1EA9 /* Debug */ = {
			isa = XCBuildConfiguration;
			buildSettings = {
				ALWAYS_SEARCH_USER_PATHS = NO;
				CLANG_ANALYZER_NONNULL = YES;
				CLANG_ANALYZER_NUMBER_OBJECT_CONVERSION = YES_AGGRESSIVE;
				CLANG_CXX_LANGUAGE_STANDARD = "gnu++14";
				CLANG_CXX_LIBRARY = "libc++";
				CLANG_ENABLE_MODULES = YES;
				CLANG_ENABLE_OBJC_ARC = YES;
				CLANG_ENABLE_OBJC_WEAK = YES;
				CLANG_WARN_BLOCK_CAPTURE_AUTORELEASING = YES;
				CLANG_WARN_BOOL_CONVERSION = YES;
				CLANG_WARN_COMMA = YES;
				CLANG_WARN_CONSTANT_CONVERSION = YES;
				CLANG_WARN_DEPRECATED_OBJC_IMPLEMENTATIONS = YES;
				CLANG_WARN_DIRECT_OBJC_ISA_USAGE = YES_ERROR;
				CLANG_WARN_DOCUMENTATION_COMMENTS = YES;
				CLANG_WARN_EMPTY_BODY = YES;
				CLANG_WARN_ENUM_CONVERSION = YES;
				CLANG_WARN_INFINITE_RECURSION = YES;
				CLANG_WARN_INT_CONVERSION = YES;
				CLANG_WARN_NON_LITERAL_NULL_CONVERSION = YES;
				CLANG_WARN_OBJC_IMPLICIT_RETAIN_SELF = YES;
				CLANG_WARN_OBJC_LITERAL_CONVERSION = YES;
				CLANG_WARN_OBJC_ROOT_CLASS = YES_ERROR;
				CLANG_WARN_QUOTED_INCLUDE_IN_FRAMEWORK_HEADER = YES;
				CLANG_WARN_RANGE_LOOP_ANALYSIS = YES;
				CLANG_WARN_STRICT_PROTOTYPES = YES;
				CLANG_WARN_SUSPICIOUS_MOVE = YES;
				CLANG_WARN_UNGUARDED_AVAILABILITY = YES_AGGRESSIVE;
				CLANG_WARN_UNREACHABLE_CODE = YES;
				CLANG_WARN__DUPLICATE_METHOD_MATCH = YES;
				COPY_PHASE_STRIP = NO;
				DEBUG_INFORMATION_FORMAT = dwarf;
				ENABLE_STRICT_OBJC_MSGSEND = YES;
				ENABLE_TESTABILITY = YES;
				GCC_C_LANGUAGE_STANDARD = gnu11;
				GCC_DYNAMIC_NO_PIC = NO;
				GCC_NO_COMMON_BLOCKS = YES;
				GCC_OPTIMIZATION_LEVEL = 0;
				GCC_PREPROCESSOR_DEFINITIONS = (
					"DEBUG=1",
					"$(inherited)",
				);
				GCC_WARN_64_TO_32_BIT_CONVERSION = YES;
				GCC_WARN_ABOUT_RETURN_TYPE = YES_ERROR;
				GCC_WARN_UNDECLARED_SELECTOR = YES;
				GCC_WARN_UNINITIALIZED_AUTOS = YES_AGGRESSIVE;
				GCC_WARN_UNUSED_FUNCTION = YES;
				GCC_WARN_UNUSED_VARIABLE = YES;
				IPHONEOS_DEPLOYMENT_TARGET = 14.5;
				MTL_ENABLE_DEBUG_INFO = INCLUDE_SOURCE;
				MTL_FAST_MATH = YES;
				ONLY_ACTIVE_ARCH = YES;
				SDKROOT = iphoneos;
				SWIFT_ACTIVE_COMPILATION_CONDITIONS = DEBUG;
				SWIFT_OPTIMIZATION_LEVEL = "-Onone";
			};
			name = Debug;
		};
		2DE4AFAD26BAD124003E1EA9 /* Release */ = {
			isa = XCBuildConfiguration;
			buildSettings = {
				ALWAYS_SEARCH_USER_PATHS = NO;
				CLANG_ANALYZER_NONNULL = YES;
				CLANG_ANALYZER_NUMBER_OBJECT_CONVERSION = YES_AGGRESSIVE;
				CLANG_CXX_LANGUAGE_STANDARD = "gnu++14";
				CLANG_CXX_LIBRARY = "libc++";
				CLANG_ENABLE_MODULES = YES;
				CLANG_ENABLE_OBJC_ARC = YES;
				CLANG_ENABLE_OBJC_WEAK = YES;
				CLANG_WARN_BLOCK_CAPTURE_AUTORELEASING = YES;
				CLANG_WARN_BOOL_CONVERSION = YES;
				CLANG_WARN_COMMA = YES;
				CLANG_WARN_CONSTANT_CONVERSION = YES;
				CLANG_WARN_DEPRECATED_OBJC_IMPLEMENTATIONS = YES;
				CLANG_WARN_DIRECT_OBJC_ISA_USAGE = YES_ERROR;
				CLANG_WARN_DOCUMENTATION_COMMENTS = YES;
				CLANG_WARN_EMPTY_BODY = YES;
				CLANG_WARN_ENUM_CONVERSION = YES;
				CLANG_WARN_INFINITE_RECURSION = YES;
				CLANG_WARN_INT_CONVERSION = YES;
				CLANG_WARN_NON_LITERAL_NULL_CONVERSION = YES;
				CLANG_WARN_OBJC_IMPLICIT_RETAIN_SELF = YES;
				CLANG_WARN_OBJC_LITERAL_CONVERSION = YES;
				CLANG_WARN_OBJC_ROOT_CLASS = YES_ERROR;
				CLANG_WARN_QUOTED_INCLUDE_IN_FRAMEWORK_HEADER = YES;
				CLANG_WARN_RANGE_LOOP_ANALYSIS = YES;
				CLANG_WARN_STRICT_PROTOTYPES = YES;
				CLANG_WARN_SUSPICIOUS_MOVE = YES;
				CLANG_WARN_UNGUARDED_AVAILABILITY = YES_AGGRESSIVE;
				CLANG_WARN_UNREACHABLE_CODE = YES;
				CLANG_WARN__DUPLICATE_METHOD_MATCH = YES;
				COPY_PHASE_STRIP = NO;
				DEBUG_INFORMATION_FORMAT = "dwarf-with-dsym";
				ENABLE_NS_ASSERTIONS = NO;
				ENABLE_STRICT_OBJC_MSGSEND = YES;
				GCC_C_LANGUAGE_STANDARD = gnu11;
				GCC_NO_COMMON_BLOCKS = YES;
				GCC_WARN_64_TO_32_BIT_CONVERSION = YES;
				GCC_WARN_ABOUT_RETURN_TYPE = YES_ERROR;
				GCC_WARN_UNDECLARED_SELECTOR = YES;
				GCC_WARN_UNINITIALIZED_AUTOS = YES_AGGRESSIVE;
				GCC_WARN_UNUSED_FUNCTION = YES;
				GCC_WARN_UNUSED_VARIABLE = YES;
				IPHONEOS_DEPLOYMENT_TARGET = 14.5;
				MTL_ENABLE_DEBUG_INFO = NO;
				MTL_FAST_MATH = YES;
				SDKROOT = iphoneos;
				SWIFT_COMPILATION_MODE = wholemodule;
				SWIFT_OPTIMIZATION_LEVEL = "-O";
				VALIDATE_PRODUCT = YES;
			};
			name = Release;
		};
		2DE4AFAF26BAD124003E1EA9 /* Debug */ = {
			isa = XCBuildConfiguration;
			buildSettings = {
				ASSETCATALOG_COMPILER_APPICON_NAME = AppIcon;
				ASSETCATALOG_COMPILER_GLOBAL_ACCENT_COLOR_NAME = AccentColor;
				CODE_SIGN_STYLE = Automatic;
				INFOPLIST_FILE = LoadViewControllers/Info.plist;
				LD_RUNPATH_SEARCH_PATHS = (
					"$(inherited)",
					"@executable_path/Frameworks",
				);
				PRODUCT_BUNDLE_IDENTIFIER = br.com.test.LoadViewControllers;
				PRODUCT_NAME = "$(TARGET_NAME)";
				SWIFT_VERSION = 5.0;
				TARGETED_DEVICE_FAMILY = "1,2";
			};
			name = Debug;
		};
		2DE4AFB026BAD124003E1EA9 /* Release */ = {
			isa = XCBuildConfiguration;
			buildSettings = {
				ASSETCATALOG_COMPILER_APPICON_NAME = AppIcon;
				ASSETCATALOG_COMPILER_GLOBAL_ACCENT_COLOR_NAME = AccentColor;
				CODE_SIGN_STYLE = Automatic;
				INFOPLIST_FILE = LoadViewControllers/Info.plist;
				LD_RUNPATH_SEARCH_PATHS = (
					"$(inherited)",
					"@executable_path/Frameworks",
				);
				PRODUCT_BUNDLE_IDENTIFIER = br.com.test.LoadViewControllers;
				PRODUCT_NAME = "$(TARGET_NAME)";
				SWIFT_VERSION = 5.0;
				TARGETED_DEVICE_FAMILY = "1,2";
			};
			name = Release;
		};
		2DE4AFB226BAD124003E1EA9 /* Debug */ = {
			isa = XCBuildConfiguration;
			buildSettings = {
				ALWAYS_EMBED_SWIFT_STANDARD_LIBRARIES = YES;
				BUNDLE_LOADER = "$(TEST_HOST)";
				CLANG_ENABLE_MODULES = YES;
				CODE_SIGN_STYLE = Automatic;
				INFOPLIST_FILE = LoadViewControllersTests/Info.plist;
				IPHONEOS_DEPLOYMENT_TARGET = 14.5;
				LD_RUNPATH_SEARCH_PATHS = (
					"$(inherited)",
					"@executable_path/Frameworks",
					"@loader_path/Frameworks",
				);
				PRODUCT_BUNDLE_IDENTIFIER = br.com.test.LoadViewControllersTests;
				PRODUCT_NAME = "$(TARGET_NAME)";
				SWIFT_OPTIMIZATION_LEVEL = "-Onone";
				SWIFT_VERSION = 5.0;
				TARGETED_DEVICE_FAMILY = "1,2";
				TEST_HOST = "$(BUILT_PRODUCTS_DIR)/LoadViewControllers.app/LoadViewControllers";
			};
			name = Debug;
		};
		2DE4AFB326BAD124003E1EA9 /* Release */ = {
			isa = XCBuildConfiguration;
			buildSettings = {
				ALWAYS_EMBED_SWIFT_STANDARD_LIBRARIES = YES;
				BUNDLE_LOADER = "$(TEST_HOST)";
				CLANG_ENABLE_MODULES = YES;
				CODE_SIGN_STYLE = Automatic;
				INFOPLIST_FILE = LoadViewControllersTests/Info.plist;
				IPHONEOS_DEPLOYMENT_TARGET = 14.5;
				LD_RUNPATH_SEARCH_PATHS = (
					"$(inherited)",
					"@executable_path/Frameworks",
					"@loader_path/Frameworks",
				);
				PRODUCT_BUNDLE_IDENTIFIER = br.com.test.LoadViewControllersTests;
				PRODUCT_NAME = "$(TARGET_NAME)";
				SWIFT_VERSION = 5.0;
				TARGETED_DEVICE_FAMILY = "1,2";
				TEST_HOST = "$(BUILT_PRODUCTS_DIR)/LoadViewControllers.app/LoadViewControllers";
			};
			name = Release;
		};
		2DE4AFB526BAD124003E1EA9 /* Debug */ = {
			isa = XCBuildConfiguration;
			buildSettings = {
				ALWAYS_EMBED_SWIFT_STANDARD_LIBRARIES = YES;
				CODE_SIGN_STYLE = Automatic;
				INFOPLIST_FILE = LoadViewControllersUITests/Info.plist;
				LD_RUNPATH_SEARCH_PATHS = (
					"$(inherited)",
					"@executable_path/Frameworks",
					"@loader_path/Frameworks",
				);
				PRODUCT_BUNDLE_IDENTIFIER = br.com.test.LoadViewControllersUITests;
				PRODUCT_NAME = "$(TARGET_NAME)";
				SWIFT_VERSION = 5.0;
				TARGETED_DEVICE_FAMILY = "1,2";
				TEST_TARGET_NAME = LoadViewControllers;
			};
			name = Debug;
		};
		2DE4AFB626BAD124003E1EA9 /* Release */ = {
			isa = XCBuildConfiguration;
			buildSettings = {
				ALWAYS_EMBED_SWIFT_STANDARD_LIBRARIES = YES;
				CODE_SIGN_STYLE = Automatic;
				INFOPLIST_FILE = LoadViewControllersUITests/Info.plist;
				LD_RUNPATH_SEARCH_PATHS = (
					"$(inherited)",
					"@executable_path/Frameworks",
					"@loader_path/Frameworks",
				);
				PRODUCT_BUNDLE_IDENTIFIER = br.com.test.LoadViewControllersUITests;
				PRODUCT_NAME = "$(TARGET_NAME)";
				SWIFT_VERSION = 5.0;
				TARGETED_DEVICE_FAMILY = "1,2";
				TEST_TARGET_NAME = LoadViewControllers;
			};
			name = Release;
		};
/* End XCBuildConfiguration section */

/* Begin XCConfigurationList section */
		2DE4AF7F26BAD122003E1EA9 /* Build configuration list for PBXProject "LoadViewControllers" */ = {
			isa = XCConfigurationList;
			buildConfigurations = (
				2DE4AFAC26BAD124003E1EA9 /* Debug */,
				2DE4AFAD26BAD124003E1EA9 /* Release */,
			);
			defaultConfigurationIsVisible = 0;
			defaultConfigurationName = Release;
		};
		2DE4AFAE26BAD124003E1EA9 /* Build configuration list for PBXNativeTarget "LoadViewControllers" */ = {
			isa = XCConfigurationList;
			buildConfigurations = (
				2DE4AFAF26BAD124003E1EA9 /* Debug */,
				2DE4AFB026BAD124003E1EA9 /* Release */,
			);
			defaultConfigurationIsVisible = 0;
			defaultConfigurationName = Release;
		};
		2DE4AFB126BAD124003E1EA9 /* Build configuration list for PBXNativeTarget "LoadViewControllersTests" */ = {
			isa = XCConfigurationList;
			buildConfigurations = (
				2DE4AFB226BAD124003E1EA9 /* Debug */,
				2DE4AFB326BAD124003E1EA9 /* Release */,
			);
			defaultConfigurationIsVisible = 0;
			defaultConfigurationName = Release;
		};
		2DE4AFB426BAD124003E1EA9 /* Build configuration list for PBXNativeTarget "LoadViewControllersUITests" */ = {
			isa = XCConfigurationList;
			buildConfigurations = (
				2DE4AFB526BAD124003E1EA9 /* Debug */,
				2DE4AFB626BAD124003E1EA9 /* Release */,
			);
			defaultConfigurationIsVisible = 0;
			defaultConfigurationName = Release;
		};
/* End XCConfigurationList section */
	};
	rootObject = 2DE4AF7C26BAD122003E1EA9 /* Project object */;
}
